# This file may be used to create an environment using:
# $ conda create --name <env> --file <this file>
# platform: linux-64
@EXPLICIT
https://conda.anaconda.org/conda-forge/linux-64/_libgcc_mutex-0.1-conda_forge.tar.bz2#d7c89558ba9fa0495403155b64376d81
https://conda.anaconda.org/conda-forge/noarch/_r-mutex-1.0.1-anacondar_1.tar.bz2#19f9db5f4f1b7f5ef5f6d67207f25f38
https://conda.anaconda.org/conda-forge/linux-64/ca-certificates-2022.12.7-ha878542_0.conda#ff9f73d45c4a07d6f424495288a26080
https://conda.anaconda.org/conda-forge/noarch/font-ttf-dejavu-sans-mono-2.37-hab24e00_0.tar.bz2#0c96522c6bdaed4b1566d11387caaf45
https://conda.anaconda.org/conda-forge/noarch/font-ttf-inconsolata-3.000-h77eed37_0.tar.bz2#34893075a5c9e55cdafac56607368fc6
https://conda.anaconda.org/conda-forge/noarch/font-ttf-source-code-pro-2.038-h77eed37_0.tar.bz2#4d59c254e01d9cde7957100457e2d5fb
https://conda.anaconda.org/conda-forge/noarch/font-ttf-ubuntu-0.83-hab24e00_0.tar.bz2#19410c3df09dfb12d1206132a1d357c5
https://conda.anaconda.org/conda-forge/noarch/kernel-headers_linux-64-2.6.32-he073ed8_15.tar.bz2#5dd5127afd710f91f6a75821bac0a4f0
https://conda.anaconda.org/conda-forge/linux-64/ld_impl_linux-64-2.40-h41732ed_0.conda#7aca3059a1729aa76c597603f10b0dd3
https://conda.anaconda.org/conda-forge/linux-64/libgcc-devel_linux-64-12.2.0-h3b97bd3_19.tar.bz2#199a7292b1d3535376ecf7670c231d1f
https://conda.anaconda.org/conda-forge/linux-64/libgfortran5-12.2.0-h337968e_19.tar.bz2#164b4b1acaedc47ee7e658ae6b308ca3
https://conda.anaconda.org/conda-forge/linux-64/libstdcxx-devel_linux-64-12.2.0-h3b97bd3_19.tar.bz2#277d373b57791ee71cafc3c5bfcf0641
https://conda.anaconda.org/conda-forge/linux-64/libstdcxx-ng-12.2.0-h46fd767_19.tar.bz2#1030b1f38c129f2634eae026f704fe60
https://conda.anaconda.org/conda-forge/noarch/fonts-conda-forge-1-0.tar.bz2#f766549260d6815b0c52253f1fb1bb29
https://conda.anaconda.org/conda-forge/linux-64/libgfortran-ng-12.2.0-h69a702a_19.tar.bz2#cd7a806282c16e1f2d39a7e80d3a3e0d
https://conda.anaconda.org/conda-forge/linux-64/libgomp-12.2.0-h65d4601_19.tar.bz2#cedcee7c064c01c403f962c9e8d3c373
https://conda.anaconda.org/conda-forge/noarch/sysroot_linux-64-2.12-he073ed8_15.tar.bz2#66c192522eacf5bb763568b4e415d133
https://conda.anaconda.org/conda-forge/linux-64/_openmp_mutex-4.5-2_gnu.tar.bz2#73aaf86a425cc6e73fcf236a5a46396d
https://conda.anaconda.org/conda-forge/linux-64/binutils_impl_linux-64-2.40-hf600244_0.conda#33084421a8c0af6aef1b439707f7662a
https://conda.anaconda.org/conda-forge/noarch/fonts-conda-ecosystem-1-0.tar.bz2#fee5683a3f04bd15cbd8318b096a27ab
https://conda.anaconda.org/conda-forge/linux-64/libgcc-ng-12.2.0-h65d4601_19.tar.bz2#e4c94f80aef025c17ab0828cd85ef535
https://conda.anaconda.org/conda-forge/linux-64/bzip2-1.0.8-h7f98852_4.tar.bz2#a1fd65c7ccbf10880423d82bca54eb54
https://conda.anaconda.org/conda-forge/linux-64/c-ares-1.18.1-h7f98852_0.tar.bz2#f26ef8098fab1f719c91eb760d63381a
https://conda.anaconda.org/conda-forge/linux-64/fribidi-1.0.10-h36c2ea0_0.tar.bz2#ac7bc6a654f8f41b352b38f4051135f8
https://conda.anaconda.org/conda-forge/linux-64/gettext-0.21.1-h27087fc_0.tar.bz2#14947d8770185e5153fdd04d4673ed37
https://conda.anaconda.org/conda-forge/linux-64/graphite2-1.3.13-h58526e2_1001.tar.bz2#8c54672728e8ec6aa6db90cf2806d220
https://conda.anaconda.org/conda-forge/linux-64/icu-70.1-h27087fc_0.tar.bz2#87473a15119779e021c314249d4b4aed
https://conda.anaconda.org/conda-forge/linux-64/keyutils-1.6.1-h166bdaf_0.tar.bz2#30186d27e2c9fa62b45fb1476b7200e3
https://conda.anaconda.org/conda-forge/linux-64/lerc-4.0.0-h27087fc_0.tar.bz2#76bbff344f0134279f225174e9064c8f
https://conda.anaconda.org/conda-forge/linux-64/libdeflate-1.18-h0b41bf4_0.conda#6aa9c9de5542ecb07fdda9ca626252d8
https://conda.anaconda.org/conda-forge/linux-64/libev-4.33-h516909a_1.tar.bz2#6f8720dff19e17ce5d48cfe7f3d2f0a3
https://conda.anaconda.org/conda-forge/linux-64/libexpat-2.5.0-hcb278e6_1.conda#6305a3dd2752c76335295da4e581f2fd
https://conda.anaconda.org/conda-forge/linux-64/libffi-3.4.2-h7f98852_5.tar.bz2#d645c6d2ac96843a2bfaccd2d62b3ac3
https://conda.anaconda.org/conda-forge/linux-64/libiconv-1.17-h166bdaf_0.tar.bz2#b62b52da46c39ee2bc3c162ac7f1804d
https://conda.anaconda.org/conda-forge/linux-64/libjpeg-turbo-2.1.5.1-h0b41bf4_0.conda#1edd9e67bdb90d78cea97733ff6b54e6
https://conda.anaconda.org/conda-forge/linux-64/libopenblas-0.3.21-pthreads_h78a6416_3.tar.bz2#8c5963a49b6035c40646a763293fbb35
https://conda.anaconda.org/conda-forge/linux-64/libsanitizer-12.2.0-h46fd767_19.tar.bz2#80d0e00150401e9c06a055f36e8e73f2
https://conda.anaconda.org/conda-forge/linux-64/libuuid-2.38.1-h0b41bf4_0.conda#40b61aab5c7ba9ff276c41cfffe6b80b
https://conda.anaconda.org/conda-forge/linux-64/libwebp-base-1.3.0-h0b41bf4_0.conda#0d4a7508d8c6c65314f2b9c1f56ad408
https://conda.anaconda.org/conda-forge/linux-64/libzlib-1.2.13-h166bdaf_4.tar.bz2#f3f9de449d32ca9b9c66a22863c96f41
https://conda.anaconda.org/conda-forge/linux-64/make-4.3-hd18ef5c_1.tar.bz2#4049ebfd3190b580dffe76daed26155a
https://conda.anaconda.org/conda-forge/linux-64/ncurses-6.3-h27087fc_1.tar.bz2#4acfc691e64342b9dae57cf2adc63238
https://conda.anaconda.org/conda-forge/linux-64/openssl-3.1.0-h0b41bf4_0.conda#2d833be81a21128e317325a01326d36f
https://conda.anaconda.org/conda-forge/linux-64/pixman-0.40.0-h36c2ea0_0.tar.bz2#660e72c82f2e75a6b3fe6a6e75c79f19
https://conda.anaconda.org/conda-forge/linux-64/pthread-stubs-0.4-h36c2ea0_1001.tar.bz2#22dad4df6e8630e8dff2428f6f6a7036
https://conda.anaconda.org/conda-forge/linux-64/sed-4.8-he412f7d_0.tar.bz2#7362f0042e95681f5d371c46c83ebd08
https://conda.anaconda.org/conda-forge/linux-64/xorg-kbproto-1.0.7-h7f98852_1002.tar.bz2#4b230e8381279d76131116660f5a241a
https://conda.anaconda.org/conda-forge/linux-64/xorg-libice-1.0.10-h7f98852_0.tar.bz2#d6b0b50b49eccfe0be0373be628be0f3
https://conda.anaconda.org/conda-forge/linux-64/xorg-libxau-1.0.9-h7f98852_0.tar.bz2#bf6f803a544f26ebbdc3bfff272eb179
https://conda.anaconda.org/conda-forge/linux-64/xorg-libxdmcp-1.1.3-h7f98852_0.tar.bz2#be93aabceefa2fac576e971aef407908
https://conda.anaconda.org/conda-forge/linux-64/xorg-renderproto-0.11.1-h7f98852_1002.tar.bz2#06feff3d2634e3097ce2fe681474b534
https://conda.anaconda.org/conda-forge/linux-64/xorg-xextproto-7.3.0-h0b41bf4_1003.conda#bce9f945da8ad2ae9b1d7165a64d0f87
https://conda.anaconda.org/conda-forge/linux-64/xorg-xproto-7.0.31-h7f98852_1007.tar.bz2#b4a4381d54784606820704f7b5f05a15
https://conda.anaconda.org/conda-forge/linux-64/xz-5.2.6-h166bdaf_0.tar.bz2#2161070d867d1b1204ea749c8eec4ef0
https://conda.anaconda.org/conda-forge/linux-64/expat-2.5.0-hcb278e6_1.conda#8b9b5aca60558d02ddaa09d599e55920
https://conda.anaconda.org/conda-forge/linux-64/gcc_impl_linux-64-12.2.0-hcc96c02_19.tar.bz2#bb48ea333c8e6dcc159a1575f04d869e
https://conda.anaconda.org/conda-forge/linux-64/libblas-3.9.0-16_linux64_openblas.tar.bz2#d9b7a8639171f6c6fa0a983edabcfe2b
https://conda.anaconda.org/conda-forge/linux-64/libedit-3.1.20191231-he28a2e2_2.tar.bz2#4d331e44109e3f0e19b4cb8f9b82f3e1
https://conda.anaconda.org/conda-forge/linux-64/libnghttp2-1.52.0-h61bc06f_0.conda#613955a50485812985c059e7b269f42e
https://conda.anaconda.org/conda-forge/linux-64/libpng-1.6.39-h753d276_0.conda#e1c890aebdebbfbf87e2c917187b4416
https://conda.anaconda.org/conda-forge/linux-64/libssh2-1.10.0-hf14f497_3.tar.bz2#d85acad4b47dff4e3def14a769a97906
https://conda.anaconda.org/conda-forge/linux-64/libxcb-1.13-h7f98852_1004.tar.bz2#b3653fdc58d03face9724f602218a904
https://conda.anaconda.org/conda-forge/linux-64/libxml2-2.10.3-hca2bb57_4.conda#bb808b654bdc3c783deaf107a2ffb503
https://conda.anaconda.org/conda-forge/linux-64/pandoc-2.19.2-h32600fe_2.conda#326f46f36d15c44cff5f81d505cb717f
https://conda.anaconda.org/conda-forge/linux-64/pcre2-10.40-hc3806b6_0.tar.bz2#69e2c796349cd9b273890bee0febfe1b
https://conda.anaconda.org/conda-forge/linux-64/readline-8.2-h8228510_1.conda#47d31b792659ce70f470b5c82fdfb7a4
https://conda.anaconda.org/conda-forge/linux-64/tk-8.6.12-h27826a3_0.tar.bz2#5b8c42eb62e9fc961af70bdd6a26e168
https://conda.anaconda.org/conda-forge/linux-64/xorg-libsm-1.2.3-hd9c2040_1000.tar.bz2#9e856f78d5c80d5a78f61e72d1d473a3
https://conda.anaconda.org/conda-forge/linux-64/zlib-1.2.13-h166bdaf_4.tar.bz2#4b11e365c0275b808be78b30f904e295
https://conda.anaconda.org/conda-forge/linux-64/zstd-1.5.2-h3eb15da_6.conda#6b63daed8feeca47be78f323e793d555
https://conda.anaconda.org/conda-forge/linux-64/bwidget-1.9.14-ha770c72_1.tar.bz2#5746d6202ba2abad4a4707f2a2462795
https://conda.anaconda.org/conda-forge/linux-64/freetype-2.12.1-hca18f0e_1.conda#e1232042de76d24539a436d37597eb06
https://conda.anaconda.org/conda-forge/linux-64/gfortran_impl_linux-64-12.2.0-h55be85b_19.tar.bz2#143d770a2a2911cd84b98286db0e6a40
https://conda.anaconda.org/conda-forge/linux-64/gxx_impl_linux-64-12.2.0-hcc96c02_19.tar.bz2#698aae34e4f5e0ea8eac0d529c8f20b6
https://conda.anaconda.org/conda-forge/linux-64/krb5-1.20.1-h81ceb04_0.conda#89a41adce7106749573d883b2f657d78
https://conda.anaconda.org/conda-forge/linux-64/libcblas-3.9.0-16_linux64_openblas.tar.bz2#20bae26d0a1db73f758fc3754cab4719
https://conda.anaconda.org/conda-forge/linux-64/libgit2-1.5.1-h1f77430_0.conda#16802fd0c80290248ea79a570bd83b95
https://conda.anaconda.org/conda-forge/linux-64/libglib-2.74.1-h606061b_1.tar.bz2#ed5349aa96776e00b34eccecf4a948fe
https://conda.anaconda.org/conda-forge/linux-64/liblapack-3.9.0-16_linux64_openblas.tar.bz2#955d993f41f9354bf753d29864ea20ad
https://conda.anaconda.org/conda-forge/linux-64/libtiff-4.5.0-ha587672_6.conda#4e5ee4b062c21519efbee7e2ae608748
https://conda.anaconda.org/conda-forge/linux-64/tktable-2.10-hb7b940f_3.tar.bz2#ea4d0879e40211fa26f38d8986db1bbe
https://conda.anaconda.org/conda-forge/linux-64/xorg-libx11-1.8.4-h0b41bf4_0.conda#ea8fbfeb976ac49cbeb594e985393514
https://conda.anaconda.org/conda-forge/linux-64/fontconfig-2.14.2-h14ed4e7_0.conda#0f69b688f52ff6da70bccb7ff7001d1d
https://conda.anaconda.org/conda-forge/linux-64/gsl-2.7-he838d99_0.tar.bz2#fec079ba39c9cca093bf4c00001825de
https://conda.anaconda.org/conda-forge/linux-64/libcurl-7.88.1-hdc1c0ab_1.conda#3d1189864d1c0ed2a5919cb067b5903d
https://conda.anaconda.org/conda-forge/linux-64/xorg-libxext-1.3.4-h0b41bf4_2.conda#82b6df12252e6f32402b96dacc656fec
https://conda.anaconda.org/conda-forge/linux-64/xorg-libxrender-0.9.10-h7f98852_1003.tar.bz2#f59c1242cc1dd93e72c2ee2b360979eb
https://conda.anaconda.org/conda-forge/linux-64/xorg-libxt-1.2.1-h7f98852_2.tar.bz2#60d6eec5273f1c9af096c10c268912e3
https://conda.anaconda.org/conda-forge/linux-64/cairo-1.16.0-ha61ee94_1014.tar.bz2#d1a88f3ed5b52e1024b80d4bcd26a7a0
https://conda.anaconda.org/conda-forge/linux-64/curl-7.88.1-hdc1c0ab_1.conda#2016c398f234cfa354ea704c6731b5d5
https://conda.anaconda.org/conda-forge/linux-64/harfbuzz-6.0.0-h8e241bc_0.conda#448fe40d2fed88ccf4d9ded37cbb2b38
https://conda.anaconda.org/conda-forge/linux-64/pango-1.50.14-hd33c08f_0.conda#a8b9e35dd7be2c945b0de4fe19a7c3a9
https://conda.anaconda.org/conda-forge/linux-64/r-base-4.2.3-h062c8ea_1.conda#72c142f2822ce13ed610c5c3443b4822
https://conda.anaconda.org/conda-forge/linux-64/r-backports-1.4.1-r42h06615bd_1.tar.bz2#296f55885bba81a06b0434db05c175de
https://conda.anaconda.org/conda-forge/linux-64/r-base64enc-0.1_3-r42h06615bd_1005.tar.bz2#34a77c3b04f9c628353aa02d2f87c179
https://conda.anaconda.org/conda-forge/linux-64/r-brio-1.1.3-r42h06615bd_1.tar.bz2#c2977b2e80cbf41a502cda393e5f211c
https://conda.anaconda.org/conda-forge/linux-64/r-cli-3.6.1-r42h38f115c_0.conda#9ca4e0e6b04cceeb2133c6c3f7aff192
https://conda.anaconda.org/conda-forge/noarch/r-clipr-0.8.0-r42hc72bb7e_1.tar.bz2#2ad256fa9cbfcab4dd913d863434fa93
https://conda.anaconda.org/conda-forge/noarch/r-codetools-0.2_19-r42hc72bb7e_0.conda#f6cc72c2b1ed4aa66be1751eeee83a41
https://conda.anaconda.org/conda-forge/linux-64/r-commonmark-1.9.0-r42h133d619_0.conda#2ca4bcee4aefd05e7e8eda07370f95ec
https://conda.anaconda.org/conda-forge/noarch/r-crayon-1.5.2-r42hc72bb7e_1.tar.bz2#d3a61c67c3e71c383a62a0f96a34e96b
https://conda.anaconda.org/conda-forge/linux-64/r-curl-4.3.3-r42h06615bd_1.tar.bz2#f8a8485f5dd95191bb6174792a502b74
https://conda.anaconda.org/conda-forge/linux-64/r-digest-0.6.31-r42h38f115c_0.conda#233f0170359441bcaa6d037460298f25
https://conda.anaconda.org/conda-forge/noarch/r-evaluate-0.20-r42hc72bb7e_0.conda#f9def204e1602c190ffbdbb57faf818b
https://conda.anaconda.org/conda-forge/linux-64/r-fansi-1.0.4-r42h133d619_0.conda#8002f33d55c5076d065057e32fba024d
https://conda.anaconda.org/conda-forge/linux-64/r-fastmap-1.1.1-r42h38f115c_0.conda#aa49636308b46d71421da6c4b7a321c1
https://conda.anaconda.org/conda-forge/linux-64/r-fs-1.6.1-r42h38f115c_0.conda#36adbeb6a2cee4773067a36c09dab95c
https://conda.anaconda.org/conda-forge/linux-64/r-git2r-0.31.0-r42hb760b46_0.conda#fc5dac291d712847de20a4757af1100a
https://conda.anaconda.org/conda-forge/linux-64/r-glue-1.6.2-r42h06615bd_1.tar.bz2#c2024f985f552fdb94fffc7c3039f818
https://conda.anaconda.org/conda-forge/linux-64/r-jsonlite-1.8.4-r42h133d619_0.conda#99c14ee5147c49c28319582e6bb4dd58
https://conda.anaconda.org/conda-forge/linux-64/r-lattice-0.20_45-r42h06615bd_1.tar.bz2#77a7aad533a0f41a9bf1ee16787bbfa9
https://conda.anaconda.org/conda-forge/linux-64/r-magrittr-2.0.3-r42h06615bd_1.tar.bz2#3c64dfe00c004fdc3106aeb509c9bfaa
https://conda.anaconda.org/conda-forge/linux-64/r-mime-0.12-r42h06615bd_1.tar.bz2#bd02c595ae96321127bf8a7104d5bef3
https://conda.anaconda.org/conda-forge/noarch/r-pkgconfig-2.0.3-r42hc72bb7e_2.tar.bz2#25fa2c5cbea8f1171413e01150626691
https://conda.anaconda.org/conda-forge/linux-64/r-png-0.1_8-r42h10cf519_0.conda#756c02a80e3ec2a339ecfa60f0a486cd
https://conda.anaconda.org/conda-forge/noarch/r-praise-1.0.0-r42hc72bb7e_1006.tar.bz2#f03a73f0cd88c0320cabc28f45bfc0cf
https://conda.anaconda.org/conda-forge/linux-64/r-ps-1.7.3-r42h133d619_0.conda#dfbf28e0359acbb2c4ffbe8ebe5943dc
https://conda.anaconda.org/conda-forge/noarch/r-r6-2.5.1-r42hc72bb7e_1.tar.bz2#31feba961dbabe1897d50c4cbb50b383
https://conda.anaconda.org/conda-forge/linux-64/r-rappdirs-0.3.3-r42h06615bd_1.tar.bz2#a883a1dec58cd24717d34bc053ba8a7d
https://conda.anaconda.org/conda-forge/linux-64/r-rcpp-1.0.10-r42h38f115c_0.conda#86270a568580167880a6b52dd4096782
https://conda.anaconda.org/conda-forge/linux-64/r-rlang-1.1.0-r42h38f115c_0.conda#219f844baa6113f8597d4f35782638cd
https://conda.anaconda.org/conda-forge/noarch/r-rstudioapi-0.14-r42hc72bb7e_1.tar.bz2#ed68273db26ef84d7a101d0aebc6f629
https://conda.anaconda.org/conda-forge/linux-64/r-sourcetools-0.1.7_1-r42h38f115c_0.conda#1df107903854fb826940da8f963893da
https://conda.anaconda.org/conda-forge/linux-64/r-stringi-1.7.12-r42h1ae9187_0.conda#003dc9d05c15e53b6c511b32cbc24aae
https://conda.anaconda.org/conda-forge/linux-64/r-sys-3.4.1-r42h06615bd_0.tar.bz2#d0597fea0280fc40cca97193ce54ae9c
https://conda.anaconda.org/conda-forge/linux-64/r-utf8-1.2.3-r42h133d619_0.conda#7bf0014beb8ffd776dfc83d245703f75
https://conda.anaconda.org/conda-forge/noarch/r-whisker-0.4.1-r42hc72bb7e_0.conda#ceb8613337425f0b70259bdcd91f8626
https://conda.anaconda.org/conda-forge/noarch/r-withr-2.5.0-r42hc72bb7e_1.tar.bz2#aa5c3e131a8e5a1c9576f484afa86c51
https://conda.anaconda.org/conda-forge/linux-64/r-xfun-0.38-r42h38f115c_0.conda#4349cbc5f4377149e6551b63e13afc81
https://conda.anaconda.org/conda-forge/noarch/r-xtable-1.8_4-r42hc72bb7e_4.tar.bz2#28a6bce0b87124a67a28d99568432c78
https://conda.anaconda.org/conda-forge/linux-64/r-yaml-2.3.7-r42h133d619_0.conda#63b6f1ec71e0b79137a81766def9123d
https://conda.anaconda.org/conda-forge/linux-64/r-askpass-1.1-r42h06615bd_3.tar.bz2#70108d459e74b66a098bb160d18889fd
https://conda.anaconda.org/conda-forge/linux-64/r-cachem-1.0.7-r42h133d619_0.conda#d61df36c73936bc713e4ad8dcbb4cbcb
https://conda.anaconda.org/conda-forge/linux-64/r-diffobj-0.3.5-r42h06615bd_1.tar.bz2#77b021b4d2de18b8f1ae3534b506a20e
https://conda.anaconda.org/conda-forge/linux-64/r-ellipsis-0.3.2-r42h06615bd_1.tar.bz2#486a83d3675ec8157dda35ab0de63b52
https://conda.anaconda.org/conda-forge/linux-64/r-getpass-0.2_2-r42h06615bd_1005.tar.bz2#99d6287d6aba50d681513cbedb6d1511
https://conda.anaconda.org/conda-forge/noarch/r-highr-0.10-r42hc72bb7e_0.conda#f935974d758c6a9e4fa739009b610f15
https://conda.anaconda.org/conda-forge/linux-64/r-later-1.3.0-r42h7525677_1.conda#b4227985c888840af9d64cacbcb06217
https://conda.anaconda.org/conda-forge/noarch/r-lifecycle-1.0.3-r42hc72bb7e_1.tar.bz2#a380eaafa79a6fb6866924accc451f1b
https://conda.anaconda.org/conda-forge/linux-64/r-matrix-1.5_3-r42h5f7b363_0.tar.bz2#d8afa5b956f2ea3c1f64a0fa0db6c181
https://conda.anaconda.org/conda-forge/linux-64/r-processx-3.8.0-r42h06615bd_0.tar.bz2#455a9f5d94e8efce788d356377e561c7
https://conda.anaconda.org/conda-forge/linux-64/r-rcpptoml-0.1.7-r42h7525677_2.tar.bz2#fffd65f4c59f1f0355f2c3e495408d74
https://conda.anaconda.org/conda-forge/noarch/r-rprojroot-2.0.3-r42hc72bb7e_1.tar.bz2#e36b235ae2028b131b091b483a0c1a5e
https://conda.anaconda.org/conda-forge/noarch/r-sessioninfo-1.2.2-r42hc72bb7e_1.tar.bz2#ad6770f1169c240336328a8a58c6e0cc
https://conda.anaconda.org/conda-forge/noarch/r-tinytex-0.44-r42hc72bb7e_0.conda#373708b27995be3edd4a1f9c48a8c65e
https://conda.anaconda.org/conda-forge/noarch/r-callr-3.7.3-r42hc72bb7e_0.tar.bz2#e161f7353bfb6c59379b118884f6f8bd
https://conda.anaconda.org/conda-forge/noarch/r-desc-1.4.2-r42hc72bb7e_1.tar.bz2#39a41c871711a131d177276a33def184
https://conda.anaconda.org/conda-forge/noarch/r-here-1.0.1-r42hc72bb7e_1.tar.bz2#f6dea3e48c6ef4ab9aa0d37fd3469626
https://conda.anaconda.org/conda-forge/linux-64/r-htmltools-0.5.5-r42h38f115c_0.conda#e0356c6cce9444173b4a4b203a0d4bc8
https://conda.anaconda.org/conda-forge/noarch/r-knitr-1.42-r42hc72bb7e_1.conda#e96f0cce33946235c1ce6c9002e1464c
https://conda.anaconda.org/conda-forge/noarch/r-memoise-2.0.1-r42hc72bb7e_1.tar.bz2#09eed81f8d22963b0c0ffc8795a380ff
https://conda.anaconda.org/conda-forge/linux-64/r-openssl-2.0.6-r42habfbb5e_0.conda#993ab8653b5933bbb8fac71991a0914e
https://conda.anaconda.org/conda-forge/linux-64/r-promises-1.2.0.1-r42h7525677_1.tar.bz2#9ac936fc7d36a805aabd1450a831a471
https://conda.anaconda.org/conda-forge/linux-64/r-vctrs-0.6.1-r42h38f115c_0.conda#58042cf451739f9c396ed00adf20be43
https://conda.anaconda.org/conda-forge/noarch/r-fontawesome-0.5.0-r42hc72bb7e_0.conda#0914cc388acc5d1dbc3d71372d774ab9
https://conda.anaconda.org/conda-forge/linux-64/r-httpuv-1.6.9-r42h38f115c_0.conda#f8718634cff77263deee7f5d3f94269a
https://conda.anaconda.org/conda-forge/noarch/r-httr-1.4.5-r42hc72bb7e_0.conda#4ef716635774c8aa6ff0cf3f35eba7e3
https://conda.anaconda.org/conda-forge/noarch/r-jquerylib-0.1.4-r42hc72bb7e_1.tar.bz2#3fdf2ae56994f7ca07c8225d91914cb9
https://conda.anaconda.org/conda-forge/noarch/r-pillar-1.9.0-r42hc72bb7e_0.conda#3ee1760065c70c190878381582ef1d41
https://conda.anaconda.org/conda-forge/noarch/r-pkgload-1.3.2-r42hc72bb7e_0.tar.bz2#6f26be1270b048179406549e26fb01ae
https://conda.anaconda.org/conda-forge/linux-64/r-reticulate-1.26-r42h7525677_1.tar.bz2#83bf016c4bde9ba270192589cfd50b96
https://conda.anaconda.org/conda-forge/linux-64/r-sass-0.4.5-r42h38f115c_0.conda#22baddaef39beb3a26596ef6f4968238
https://conda.anaconda.org/conda-forge/noarch/r-stringr-1.5.0-r42h785f33e_0.conda#5eaeafbfe340886a30863322edf82b5c
https://conda.anaconda.org/conda-forge/noarch/r-bslib-0.4.2-r42hc72bb7e_0.conda#3e93807b405dd476cd230f84fb3050db
https://conda.anaconda.org/conda-forge/linux-64/r-tibble-3.2.1-r42h133d619_1.conda#2a0af93bd02da00c434f5257da06f273
https://conda.anaconda.org/conda-forge/noarch/r-rematch2-2.1.2-r42hc72bb7e_2.tar.bz2#e8be9d4a91d2a17ad8aca012982e7d48
https://conda.anaconda.org/conda-forge/noarch/r-rmarkdown-2.21-r42hc72bb7e_0.conda#e1cdeb9eb7412931d22d1d0e6b854e7a
https://conda.anaconda.org/conda-forge/noarch/r-shiny-1.7.4-r42h785f33e_0.conda#cf46922ae52ec79f2c5dcc9c65960312
https://conda.anaconda.org/conda-forge/noarch/r-miniui-0.1.1.1-r42hc72bb7e_1003.tar.bz2#ddc0dcdce39bfe3198a50b1a2ba718ce
https://conda.anaconda.org/conda-forge/noarch/r-waldo-0.4.0-r42hc72bb7e_1.tar.bz2#0097b7642e83fa0a3b23e9cc5f1d303a
https://conda.anaconda.org/conda-forge/linux-64/r-testthat-3.1.7-r42h38f115c_0.conda#a039ae83c7f273db363c3a23644d906f
