# This file may be used to create an environment using:
# $ conda create --name <env> --file <this file>
# platform: osx-64
@EXPLICIT
https://conda.anaconda.org/conda-forge/noarch/_r-mutex-1.0.1-anacondar_1.tar.bz2#19f9db5f4f1b7f5ef5f6d67207f25f38
https://conda.anaconda.org/conda-forge/osx-64/bzip2-1.0.8-h0d85af4_4.tar.bz2#37edc4e6304ca87316e160f5ca0bd1b5
https://conda.anaconda.org/conda-forge/osx-64/c-ares-1.18.1-h0d85af4_0.tar.bz2#00b3e98a61e6430808fe7a2534681f28
https://conda.anaconda.org/conda-forge/osx-64/ca-certificates-2022.9.14-h033912b_0.tar.bz2#afb01edfbcb44d528643527b34beeb1d
https://conda.anaconda.org/conda-forge/noarch/font-ttf-dejavu-sans-mono-2.37-hab24e00_0.tar.bz2#0c96522c6bdaed4b1566d11387caaf45
https://conda.anaconda.org/conda-forge/noarch/font-ttf-inconsolata-3.000-h77eed37_0.tar.bz2#34893075a5c9e55cdafac56607368fc6
https://conda.anaconda.org/conda-forge/noarch/font-ttf-source-code-pro-2.038-h77eed37_0.tar.bz2#4d59c254e01d9cde7957100457e2d5fb
https://conda.anaconda.org/conda-forge/noarch/font-ttf-ubuntu-0.83-hab24e00_0.tar.bz2#19410c3df09dfb12d1206132a1d357c5
https://conda.anaconda.org/conda-forge/osx-64/fribidi-1.0.10-hbcb3906_0.tar.bz2#f1c6b41e0f56998ecd9a3e210faa1dc0
https://conda.anaconda.org/conda-forge/osx-64/jpeg-9e-hac89ed1_2.tar.bz2#60d90a3f5803660c5c2a2e9d883df0a6
https://conda.anaconda.org/conda-forge/osx-64/libcxx-14.0.6-hccf4f1f_0.tar.bz2#208a6a874b073277374de48a782f6b10
https://conda.anaconda.org/conda-forge/osx-64/libdeflate-1.14-hb7f2c08_0.tar.bz2#ce2a6075114c9b64ad8cace52492feee
https://conda.anaconda.org/conda-forge/osx-64/libev-4.33-haf1e3a3_1.tar.bz2#79dc2be110b2a3d1e97ec21f691c50ad
https://conda.anaconda.org/conda-forge/osx-64/libffi-3.4.2-h0d85af4_5.tar.bz2#ccb34fb14960ad8b125962d3d79b31a9
https://conda.anaconda.org/conda-forge/noarch/libgfortran-devel_osx-64-9.5.0-hc2d6858_25.tar.bz2#b124eb3b53fe93f865820c69b300d64c
https://conda.anaconda.org/conda-forge/osx-64/libiconv-1.16-haf1e3a3_0.tar.bz2#c5fab167412a52e491c8e11453ae016f
https://conda.anaconda.org/conda-forge/osx-64/libwebp-base-1.2.4-h775f41a_0.tar.bz2#28807bef802a354f9c164e7ab242c5cb
https://conda.anaconda.org/conda-forge/osx-64/libzlib-1.2.12-hfd90126_3.tar.bz2#7fc40fa575092093bea11afa0c29ee10
https://conda.anaconda.org/conda-forge/osx-64/llvm-openmp-14.0.4-ha654fa7_0.tar.bz2#5d5ab9ab83ce21422be84ecfd3142201
https://conda.anaconda.org/conda-forge/osx-64/make-4.3-h22f3db7_1.tar.bz2#ac4a1dd58e6d821c518ae0011e8592b7
https://conda.anaconda.org/conda-forge/osx-64/ncurses-6.3-h96cf925_1.tar.bz2#76217ebfbb163ff2770a261f955a5861
https://conda.anaconda.org/conda-forge/osx-64/pandoc-2.19.2-h694c41f_0.tar.bz2#d68867819de3d86741fbf1a7fd612ef2
https://conda.anaconda.org/conda-forge/osx-64/pixman-0.40.0-hbcb3906_0.tar.bz2#09a583a6f172715be21d93aaa1b42d71
https://conda.anaconda.org/conda-forge/osx-64/xz-5.2.6-h775f41a_0.tar.bz2#a72f9d4ea13d55d745ff1ed594747f10
https://conda.anaconda.org/conda-forge/osx-64/expat-2.4.9-hf0c8a7f_0.tar.bz2#21424a60b28acebf3cf4f5a4fb1b97c3
https://conda.anaconda.org/conda-forge/noarch/fonts-conda-forge-1-0.tar.bz2#f766549260d6815b0c52253f1fb1bb29
https://conda.anaconda.org/conda-forge/osx-64/gettext-0.19.8.1-hd1a6beb_1008.tar.bz2#28c370fc39becf486601d9e491a5e184
https://conda.anaconda.org/conda-forge/osx-64/gmp-6.2.1-h2e338ed_0.tar.bz2#dedc96914428dae572a39e69ee2a392f
https://conda.anaconda.org/conda-forge/osx-64/graphite2-1.3.13-h2e338ed_1001.tar.bz2#5f6e7f98caddd0fc2d345b207531814c
https://conda.anaconda.org/conda-forge/osx-64/icu-70.1-h96cf925_0.tar.bz2#376635049e9b9b0bb875efd39dcd7b3b
https://conda.anaconda.org/conda-forge/osx-64/isl-0.22.1-hb1e8313_2.tar.bz2#d875acf04fcf1e4d5f3e179e0799363d
https://conda.anaconda.org/conda-forge/osx-64/lerc-4.0.0-hb486fe8_0.tar.bz2#f9d6a4c82889d5ecedec1d90eb673c55
https://conda.anaconda.org/conda-forge/osx-64/libedit-3.1.20191231-h0678c8f_2.tar.bz2#6016a8a1d0e63cac3de2c352cd40208b
https://conda.anaconda.org/conda-forge/osx-64/libgfortran5-11.3.0-h082f757_25.tar.bz2#2c8fd85ee58fc04f8cc52aaa28bceca3
https://conda.anaconda.org/conda-forge/osx-64/libllvm13-13.0.1-h64f94b2_2.tar.bz2#bac1c6f12f44f40e19274e6e04e9bad5
https://conda.anaconda.org/conda-forge/osx-64/libllvm14-14.0.4-h41df66c_0.tar.bz2#fb8b5e6baa2ed5a65a4cfd992acffd04
https://conda.anaconda.org/conda-forge/osx-64/libpng-1.6.38-ha978bb4_0.tar.bz2#3954555b5b02b117119cb806d5dcfcd8
https://conda.anaconda.org/conda-forge/osx-64/openssl-3.0.5-hfd90126_2.tar.bz2#8a98a203c03d3d252f5ba9fa2d04210e
https://conda.anaconda.org/conda-forge/osx-64/pcre-8.45-he49afe7_0.tar.bz2#0526850419e04ac003bc0b65a78dc4cc
https://conda.anaconda.org/conda-forge/osx-64/pcre2-10.37-h3f55489_1.tar.bz2#4aea99dd6f062a6cebafbb0d363807fa
https://conda.anaconda.org/conda-forge/osx-64/readline-8.1.2-h3899abd_0.tar.bz2#89fa404901fa8fb7d4f4e07083b8d635
https://conda.anaconda.org/conda-forge/osx-64/tapi-1100.0.11-h9ce4665_0.tar.bz2#f9ff42ccf809a21ba6f8607f8de36108
https://conda.anaconda.org/conda-forge/osx-64/tk-8.6.12-h5dbffcc_0.tar.bz2#8e9480d9c47061db2ed1b4ecce519a7f
https://conda.anaconda.org/conda-forge/osx-64/zlib-1.2.12-hfd90126_3.tar.bz2#09da16c715a1c25ec62731a63ecd9318
https://conda.anaconda.org/conda-forge/osx-64/zstd-1.5.2-hfa58983_4.tar.bz2#0b446e84f3ccf085e590dc1f73eebe3f
https://conda.anaconda.org/conda-forge/osx-64/bwidget-1.9.14-h694c41f_1.tar.bz2#bfebc1f663c38331b8d0dca32a515e95
https://conda.anaconda.org/conda-forge/noarch/fonts-conda-ecosystem-1-0.tar.bz2#fee5683a3f04bd15cbd8318b096a27ab
https://conda.anaconda.org/conda-forge/osx-64/freetype-2.12.1-h3f81eb7_0.tar.bz2#6afb5b1664496c575117efe9aa2c9ba9
https://conda.anaconda.org/conda-forge/osx-64/krb5-1.19.3-hb98e516_0.tar.bz2#8acf20165e07870bc65510a363ff45bb
https://conda.anaconda.org/conda-forge/osx-64/libclang-cpp14-14.0.4-default_h55ffa42_0.tar.bz2#e26b7a841f7c4b1612b8df173bfcb2ad
https://conda.anaconda.org/conda-forge/osx-64/libgfortran-5.0.0-10_4_0_h97931a8_25.tar.bz2#5258ded23560cdebf95cef1df827065b
https://conda.anaconda.org/conda-forge/osx-64/libglib-2.72.1-hfbcb929_0.tar.bz2#df60046c5ef9df0b5e2b2047915c934d
https://conda.anaconda.org/conda-forge/osx-64/libnghttp2-1.47.0-h5aae05b_1.tar.bz2#19d5ae4be3e4b3cfa5696f3667e8c631
https://conda.anaconda.org/conda-forge/osx-64/libssh2-1.10.0-h47af595_3.tar.bz2#5a28624eeb7812b585b9e2d75f846ba2
https://conda.anaconda.org/conda-forge/osx-64/libtiff-4.4.0-hdb44e8a_4.tar.bz2#09195c43a896fe98b82dcebfa1d6eab1
https://conda.anaconda.org/conda-forge/osx-64/libxml2-2.9.14-hea49891_4.tar.bz2#3a95a4ad384a363814db099b1d72ba9e
https://conda.anaconda.org/conda-forge/osx-64/llvm-tools-14.0.4-h41df66c_0.tar.bz2#766281931b17e3f609abec4e0bbfa282
https://conda.anaconda.org/conda-forge/osx-64/mpfr-4.1.0-h0f52abe_1.tar.bz2#afe26b08c2d2265b4d663d199000e5da
https://conda.anaconda.org/conda-forge/osx-64/sigtool-0.1.3-h88f4db0_0.tar.bz2#fbfb84b9de9a6939cb165c02c69b1865
https://conda.anaconda.org/conda-forge/osx-64/tktable-2.10-h49f0cf7_3.tar.bz2#7bef1276592e76da81806b20c2ddacd0
https://conda.anaconda.org/conda-forge/osx-64/clang-14-14.0.4-default_h55ffa42_0.tar.bz2#bb9de1537a65d6dc6a25fb9f81f64bae
https://conda.anaconda.org/conda-forge/osx-64/fontconfig-2.14.0-h5bb23bf_1.tar.bz2#dc700e60d0de763f558b6ce4fbb768aa
https://conda.anaconda.org/conda-forge/osx-64/ld64_osx-64-609-h1e06c2b_10.tar.bz2#7923b80d48e60eb74976654192964ee6
https://conda.anaconda.org/conda-forge/osx-64/libcurl-7.83.1-h23f1065_0.tar.bz2#83ac250e1f0c6163e6089d2dccc211aa
https://conda.anaconda.org/conda-forge/osx-64/libopenblas-0.3.21-openmp_h429af6e_3.tar.bz2#968c46aa7f4032c3f3873f3452ed4c34
https://conda.anaconda.org/conda-forge/osx-64/mpc-1.2.1-hbb51d92_0.tar.bz2#9f46d6ad4c460679ee997abc10da3bac
https://conda.anaconda.org/conda-forge/osx-64/cairo-1.16.0-h904041c_1014.tar.bz2#2e7b4350178ed52bb6fd2b1ecbeeed4f
https://conda.anaconda.org/conda-forge/osx-64/cctools_osx-64-973.0.1-h3eff9a4_10.tar.bz2#a7552b2de2f52bbf8b726d982507b1ef
https://conda.anaconda.org/conda-forge/osx-64/clang-14.0.4-h694c41f_0.tar.bz2#7c8851ee02c340f08b9f3d874c3b65a1
https://conda.anaconda.org/conda-forge/osx-64/curl-7.83.1-h23f1065_0.tar.bz2#1eecc5ac5bc8fa8e0c33bb28784ea747
https://conda.anaconda.org/conda-forge/osx-64/gfortran_impl_osx-64-9.5.0-h2221f41_25.tar.bz2#37710661b9bff8d53a019a78d9638959
https://conda.anaconda.org/conda-forge/osx-64/libblas-3.9.0-16_osx64_openblas.tar.bz2#644d63e9379867490b67bace400b2a0f
https://conda.anaconda.org/conda-forge/osx-64/clangxx-14.0.4-default_h55ffa42_0.tar.bz2#edefb0f4aa4e6dcc7f2d5436edc9e17e
https://conda.anaconda.org/conda-forge/osx-64/harfbuzz-5.2.0-h52d05a2_0.tar.bz2#55570559af790e4653ad2cae2ab41f09
https://conda.anaconda.org/conda-forge/osx-64/libcblas-3.9.0-16_osx64_openblas.tar.bz2#28592eab0f05bcf9969789e87f754e11
https://conda.anaconda.org/conda-forge/osx-64/liblapack-3.9.0-16_osx64_openblas.tar.bz2#406ad426aade5578b90544cc2ed4a79b
https://conda.anaconda.org/conda-forge/noarch/compiler-rt_osx-64-14.0.4-h6df654d_0.tar.bz2#39c0169a3ab059d48b033a389becdfdc
https://conda.anaconda.org/conda-forge/osx-64/gsl-2.7-h93259b0_0.tar.bz2#b4942b1ee2a52fd67f446074488d774d
https://conda.anaconda.org/conda-forge/osx-64/pango-1.50.10-h1f197d0_0.tar.bz2#6598a79085a13e337cc5cec996d94fd5
https://conda.anaconda.org/conda-forge/osx-64/compiler-rt-14.0.4-h7fcd477_0.tar.bz2#d81ce4ea83433bea77d3977c939a6e59
https://conda.anaconda.org/conda-forge/osx-64/clang_osx-64-14.0.4-h3a95cd4_2.tar.bz2#a069b871f2df19703e46b0e56626c3c9
https://conda.anaconda.org/conda-forge/osx-64/clangxx_osx-64-14.0.4-he1dbc44_2.tar.bz2#a82006ea176018f37f7c34c3c3d08630
https://conda.anaconda.org/conda-forge/osx-64/gfortran_osx-64-9.5.0-h18f7dce_0.tar.bz2#a8676540ce4e469819cd80c5b7e8575e
https://conda.anaconda.org/conda-forge/osx-64/r-base-4.1.3-h85fa70c_2.tar.bz2#6015fbf6fe98be6a2f7deb3f9ea9f239
https://conda.anaconda.org/conda-forge/osx-64/r-backports-1.4.1-r41h28b5c78_0.tar.bz2#9c442653219c8fa9e4a9ed2a95644a4d
https://conda.anaconda.org/conda-forge/osx-64/r-base64enc-0.1_3-r41h28b5c78_1004.tar.bz2#6f4c34030cfdbccb16245438fd99271b
https://conda.anaconda.org/conda-forge/osx-64/r-brio-1.1.3-r41h28b5c78_0.tar.bz2#12b3e0cfbd773a58df6841a9337610d7
https://conda.anaconda.org/conda-forge/noarch/r-clipr-0.8.0-r41hc72bb7e_0.tar.bz2#f69ab5f64faf5db5ed65ba159363c0c1
https://conda.anaconda.org/conda-forge/noarch/r-codetools-0.2_18-r41hc72bb7e_0.tar.bz2#75bcb5a3087ce83b46137aa732d3ed00
https://conda.anaconda.org/conda-forge/osx-64/r-commonmark-1.8.0-r41h0f1d5c4_0.tar.bz2#ab2ed1407c3d25149d5c29404a4dcef5
https://conda.anaconda.org/conda-forge/noarch/r-crayon-1.5.1-r41hc72bb7e_0.tar.bz2#ac6c74e4a346d5aab9d8eac94b32bf62
https://conda.anaconda.org/conda-forge/osx-64/r-curl-4.3.2-r41h28b5c78_0.tar.bz2#a58249fbbac38b0703b5daefc94c8410
https://conda.anaconda.org/conda-forge/osx-64/r-digest-0.6.29-r41h9951f98_0.tar.bz2#be0cbf1e80ee75a3a62ee35437995211
https://conda.anaconda.org/conda-forge/noarch/r-evaluate-0.16-r41hc72bb7e_0.tar.bz2#4e6d48071b7aee6d8f4e82b72f082fc6
https://conda.anaconda.org/conda-forge/osx-64/r-fansi-1.0.3-r41h0f1d5c4_0.tar.bz2#e3abc84adc3f397a9f40f20a223b20ae
https://conda.anaconda.org/conda-forge/osx-64/r-fastmap-1.1.0-r41h9951f98_0.tar.bz2#b7a8bb6f3b19006349968d8e371fdf57
https://conda.anaconda.org/conda-forge/osx-64/r-fs-1.5.2-r41hc4bb905_1.tar.bz2#04bb08d1f7ae127ac52011eb9f372b33
https://conda.anaconda.org/conda-forge/osx-64/r-git2r-0.30.1-r41h3bbc60d_0.tar.bz2#e0d4f2ba5b338616a00a79b335ac1544
https://conda.anaconda.org/conda-forge/osx-64/r-glue-1.6.2-r41h0f1d5c4_0.tar.bz2#0cd33286679ce646aecaf1371f48556e
https://conda.anaconda.org/conda-forge/osx-64/r-jsonlite-1.8.0-r41h0f1d5c4_0.tar.bz2#c9ab2e0fcf48172bcac6a2b7258743b6
https://conda.anaconda.org/conda-forge/osx-64/r-lattice-0.20_45-r41h28b5c78_0.tar.bz2#2d3f0843eadc140eeaa1240d18cb7a00
https://conda.anaconda.org/conda-forge/osx-64/r-magrittr-2.0.3-r41h0f1d5c4_0.tar.bz2#1f7e4c1ceb1d87918215be62158bf4a3
https://conda.anaconda.org/conda-forge/osx-64/r-mime-0.12-r41h28b5c78_0.tar.bz2#bfa140172a53ceb2df480fa6cce89891
https://conda.anaconda.org/conda-forge/noarch/r-pkgconfig-2.0.3-r41hc72bb7e_1.tar.bz2#2c4f78477753ad83700a1f9d605a3002
https://conda.anaconda.org/conda-forge/osx-64/r-png-0.1_7-r41h28b5c78_1004.tar.bz2#cd5be7ec8ec9d80aca023119a9f806a5
https://conda.anaconda.org/conda-forge/noarch/r-praise-1.0.0-r41hc72bb7e_1005.tar.bz2#39585efa1172490943314141c133467b
https://conda.anaconda.org/conda-forge/osx-64/r-ps-1.7.1-r41h67d6963_0.tar.bz2#73130fd50411693eef6516435eda8ec5
https://conda.anaconda.org/conda-forge/noarch/r-r6-2.5.1-r41hc72bb7e_0.tar.bz2#a560798c2d5ab0dbb30feddc6b8e63fb
https://conda.anaconda.org/conda-forge/osx-64/r-rappdirs-0.3.3-r41h28b5c78_0.tar.bz2#323b11ba11cd4b14704310185206b95f
https://conda.anaconda.org/conda-forge/osx-64/r-rcpp-1.0.9-r41h49197e3_1.tar.bz2#9936618f869b53f12f5bfb348970affc
https://conda.anaconda.org/conda-forge/osx-64/r-rlang-1.0.5-r41h49197e3_0.tar.bz2#209c81cfe72db69f67ccdcd13ab8b971
https://conda.anaconda.org/conda-forge/noarch/r-rstudioapi-0.14-r41hc72bb7e_0.tar.bz2#0b800d61f97fa9360e2d342492b4189b
https://conda.anaconda.org/conda-forge/osx-64/r-sourcetools-0.1.7-r41h9951f98_1002.tar.bz2#0f882748f385a14e48adc8643c07c855
https://conda.anaconda.org/conda-forge/osx-64/r-stringi-1.7.8-r41hcb6f7a5_0.tar.bz2#f6f98976dfa3efc6ae0f4b02938d7928
https://conda.anaconda.org/conda-forge/osx-64/r-sys-3.4-r41h28b5c78_0.tar.bz2#3ede777d9ced86093d710f30ea1dd311
https://conda.anaconda.org/conda-forge/osx-64/r-utf8-1.2.2-r41h28b5c78_0.tar.bz2#981a4e229b4ca5b612d308817e1ea551
https://conda.anaconda.org/conda-forge/noarch/r-whisker-0.4-r41hc72bb7e_1.tar.bz2#6fb847f819ee410e5a687197a5b1e82e
https://conda.anaconda.org/conda-forge/noarch/r-withr-2.5.0-r41hc72bb7e_0.tar.bz2#53558bed67c14dc998209e5a567b6cfd
https://conda.anaconda.org/conda-forge/osx-64/r-xfun-0.33-r41h49197e3_0.tar.bz2#1f4b64dd7c3b560899fb60bf372dab56
https://conda.anaconda.org/conda-forge/noarch/r-xtable-1.8_4-r41hc72bb7e_3.tar.bz2#f44d2ad79a8d084f757cefd24156bdfc
https://conda.anaconda.org/conda-forge/osx-64/r-yaml-2.3.5-r41h0f1d5c4_0.tar.bz2#d95bd07d3271353f97c26b34275a825e
https://conda.anaconda.org/conda-forge/osx-64/r-askpass-1.1-r41h28b5c78_2.tar.bz2#36b5930700151476033444f3d0c77984
https://conda.anaconda.org/conda-forge/osx-64/r-cachem-1.0.6-r41h28b5c78_0.tar.bz2#ec24168081578c8692bef86871d35ef8
https://conda.anaconda.org/conda-forge/osx-64/r-cli-3.4.0-r41h49197e3_0.tar.bz2#d83e7f268c263063fc848273c5245fc7
https://conda.anaconda.org/conda-forge/osx-64/r-diffobj-0.3.5-r41h28b5c78_0.tar.bz2#5f97027fe102e4843dd1c65d4d132d50
https://conda.anaconda.org/conda-forge/osx-64/r-ellipsis-0.3.2-r41h28b5c78_0.tar.bz2#aab0ff84a4dfb093ffa8ee1ba2649a7f
https://conda.anaconda.org/conda-forge/osx-64/r-getpass-0.2_2-r41h28b5c78_1004.tar.bz2#3892879c462ab2183e7d2952af125bba
https://conda.anaconda.org/conda-forge/noarch/r-highr-0.9-r41hc72bb7e_0.tar.bz2#ee521053a1f3be94e20386f0c8cb58e5
https://conda.anaconda.org/conda-forge/osx-64/r-htmltools-0.5.3-r41h8619c4b_0.tar.bz2#ad7d5f18f68aa06368f439f3b09e53d2
https://conda.anaconda.org/conda-forge/osx-64/r-later-1.2.0-r41h9951f98_0.tar.bz2#4176416b6955f67abb17a91bcaf59bd3
https://conda.anaconda.org/conda-forge/noarch/r-lifecycle-1.0.2-r41hc72bb7e_0.tar.bz2#b22d5a6a675d3a2ce268b5f7a913e41e
https://conda.anaconda.org/conda-forge/osx-64/r-matrix-1.4_1-r41ha2825d1_0.tar.bz2#db80ef748ae2438cf55677a72b50f6e6
https://conda.anaconda.org/conda-forge/osx-64/r-processx-3.7.0-r41h67d6963_0.tar.bz2#8f5159cf4e512318ca0eec79f6511829
https://conda.anaconda.org/conda-forge/osx-64/r-rcpptoml-0.1.7-r41h9951f98_1.tar.bz2#46d7adbf1cb39bc676194570d4b28ec0
https://conda.anaconda.org/conda-forge/noarch/r-rprojroot-2.0.3-r41hc72bb7e_0.tar.bz2#4c97577b6f80853234f34b548d8140ec
https://conda.anaconda.org/conda-forge/noarch/r-stringr-1.4.1-r41hc72bb7e_0.tar.bz2#99dba4f2796cd3d2d59ca79d2e0c7da4
https://conda.anaconda.org/conda-forge/noarch/r-tinytex-0.41-r41hc72bb7e_0.tar.bz2#12cc5fdd284fef4121c3951828cf79e5
https://conda.anaconda.org/conda-forge/noarch/r-callr-3.7.2-r41hc72bb7e_0.tar.bz2#0493d6ed1666106a66d218c0eb44d475
https://conda.anaconda.org/conda-forge/noarch/r-desc-1.4.2-r41hc72bb7e_0.tar.bz2#b63a8a0a0fa2fd16a324d50b4df98238
https://conda.anaconda.org/conda-forge/noarch/r-fontawesome-0.3.0-r41hc72bb7e_0.tar.bz2#3196e2515416291b544200b047c8aca0
https://conda.anaconda.org/conda-forge/noarch/r-here-1.0.1-r41hc72bb7e_0.tar.bz2#4bed8a68281f0ede1fb8b3a04df26cd9
https://conda.anaconda.org/conda-forge/noarch/r-jquerylib-0.1.4-r41hc72bb7e_0.tar.bz2#f9980aa441835740ddb0f4cd684d4a38
https://conda.anaconda.org/conda-forge/noarch/r-knitr-1.40-r41hc72bb7e_0.tar.bz2#f044dd7b235df552f25d257e5ae11d53
https://conda.anaconda.org/conda-forge/noarch/r-memoise-2.0.1-r41hc72bb7e_0.tar.bz2#ba52e00d6d8b5bd8edd1c164b74cca9d
https://conda.anaconda.org/conda-forge/osx-64/r-openssl-2.0.3-r41hfeb9312_0.tar.bz2#661994acd5a15a3c1364606e7729d3b9
https://conda.anaconda.org/conda-forge/osx-64/r-promises-1.2.0.1-r41h9951f98_0.tar.bz2#59969646750ddb52e57c664a5aa01722
https://conda.anaconda.org/conda-forge/osx-64/r-sass-0.4.1-r41hc4bb905_0.tar.bz2#92701770a83317a906405e4580a0ebc3
https://conda.anaconda.org/conda-forge/noarch/r-sessioninfo-1.2.2-r41hc72bb7e_0.tar.bz2#3d4bf418b268d3792ac0bd44960bb89f
https://conda.anaconda.org/conda-forge/osx-64/r-vctrs-0.4.1-r41hc4bb905_0.tar.bz2#1693b30f880c5cd8a3cd36eedd2a3cfe
https://conda.anaconda.org/conda-forge/noarch/r-bslib-0.4.0-r41hc72bb7e_0.tar.bz2#7bcc433012d8c6c18358c3c13771c631
https://conda.anaconda.org/conda-forge/osx-64/r-httpuv-1.6.6-r41h49197e3_0.tar.bz2#6193b0c47b334b75cc02346f56825fdf
https://conda.anaconda.org/conda-forge/noarch/r-httr-1.4.4-r41hc72bb7e_0.tar.bz2#0f25e3d569e80378216435d8f324c1f5
https://conda.anaconda.org/conda-forge/noarch/r-pillar-1.8.1-r41hc72bb7e_0.tar.bz2#88ffc0fd48cf9bb5501bf54a8c885124
https://conda.anaconda.org/conda-forge/noarch/r-pkgload-1.3.0-r41hc72bb7e_0.tar.bz2#ad902132cde9da724b8c200b0e15e015
https://conda.anaconda.org/conda-forge/osx-64/r-reticulate-1.26-r41h49197e3_0.tar.bz2#3d2418a292a92590f886950a1879b5bf
https://conda.anaconda.org/conda-forge/noarch/r-rmarkdown-2.16-r41hc72bb7e_0.tar.bz2#354b9504078c88a941b8730220ad45d8
https://conda.anaconda.org/conda-forge/noarch/r-shiny-1.7.2-r41h785f33e_0.tar.bz2#5e03f0ba266614bb257ef13205b5a717
https://conda.anaconda.org/conda-forge/osx-64/r-tibble-3.1.8-r41h67d6963_0.tar.bz2#d1e5896327f1f90c7e3528da19f9ebc6
https://conda.anaconda.org/conda-forge/noarch/r-miniui-0.1.1.1-r41hc72bb7e_1002.tar.bz2#4a3f36e22f1ec19abc294bf3b23f54b5
https://conda.anaconda.org/conda-forge/noarch/r-rematch2-2.1.2-r41hc72bb7e_1.tar.bz2#5c26fbf849007fc5022745ec14e38822
https://conda.anaconda.org/conda-forge/noarch/r-waldo-0.4.0-r41hc72bb7e_0.tar.bz2#974972fb4e38703ed8e1722f45600e8b
https://conda.anaconda.org/conda-forge/osx-64/r-testthat-3.1.4-r41h8619c4b_0.tar.bz2#2e7da48dc3afdfe252697e576c53eab4
