# This file may be used to create an environment using:
# $ conda create --name <env> --file <this file>
# platform: win-64
# created-by: conda 25.3.1
@EXPLICIT
https://conda.anaconda.org/conda-forge/noarch/_r-mutex-1.0.1-anacondar_1.tar.bz2#19f9db5f4f1b7f5ef5f6d67207f25f38
https://conda.anaconda.org/conda-forge/noarch/ca-certificates-2025.6.15-h4c7d964_0.conda#b01649832f7bc7ff94f8df8bd2ee6457
https://conda.anaconda.org/conda-forge/noarch/font-ttf-dejavu-sans-mono-2.37-hab24e00_0.tar.bz2#0c96522c6bdaed4b1566d11387caaf45
https://conda.anaconda.org/conda-forge/noarch/font-ttf-inconsolata-3.000-h77eed37_0.tar.bz2#34893075a5c9e55cdafac56607368fc6
https://conda.anaconda.org/conda-forge/noarch/font-ttf-source-code-pro-2.038-h77eed37_0.tar.bz2#4d59c254e01d9cde7957100457e2d5fb
https://conda.anaconda.org/conda-forge/noarch/font-ttf-ubuntu-0.83-h77eed37_3.conda#49023d73832ef61042f6a237cb2687e7
https://conda.anaconda.org/conda-forge/win-64/intel-openmp-2024.2.1-h57928b3_1083.conda#2d89243bfb53652c182a7c73182cce4f
https://conda.anaconda.org/conda-forge/win-64/ld_impl_win-64-2.43-hae1bf67_5.conda#e1c5c603449d0cd2a709ced4ca407aaa
https://conda.anaconda.org/conda-forge/noarch/libgcc-devel_win-64-15.1.0-hec057c1_103.conda#90c654d5ec3d2d53841fa500aaccbaf5
https://conda.anaconda.org/conda-forge/noarch/libstdcxx-devel_win-64-15.1.0-hec057c1_103.conda#508832f6cfade4b5d9aede6c28ae1615
https://conda.anaconda.org/conda-forge/noarch/mingw-w64-ucrt-x86_64-headers-git-12.0.0.r4.gg4f2fc60ca-h7428d3b_9.conda#a04b0132b4f1cd8aa44972b21578a7c4
https://conda.anaconda.org/conda-forge/noarch/mingw-w64-ucrt-x86_64-windows-default-manifest-6.4-he206cdd_7.conda#1d6b5c96d7e3cce773519d7d1a4482f0
https://conda.anaconda.org/conda-forge/win-64/pandoc-2.19.2-h57928b3_2.conda#c188f67e94153ddc7e4e10ae127cbb1a
https://conda.anaconda.org/conda-forge/noarch/tzdata-2025b-h78e105d_0.conda#4222072737ccff51314b5ece9c7d6f5a
https://conda.anaconda.org/conda-forge/win-64/ucrt-10.0.22621.0-h57928b3_1.conda#6797b005cd0f439c4c5c9ac565783700
https://conda.anaconda.org/conda-forge/noarch/fonts-conda-forge-1-0.tar.bz2#f766549260d6815b0c52253f1fb1bb29
https://conda.anaconda.org/conda-forge/win-64/libwinpthread-12.0.0.r4.gg4f2fc60ca-h57928b3_9.conda#08bfa5da6e242025304b206d152479ef
https://conda.anaconda.org/conda-forge/noarch/mingw-w64-ucrt-x86_64-crt-git-12.0.0.r4.gg4f2fc60ca-h7428d3b_9.conda#6712be1a96bd005472fd536180619989
https://conda.anaconda.org/conda-forge/noarch/mingw-w64-ucrt-x86_64-winpthreads-git-12.0.0.r4.gg4f2fc60ca-h7428d3b_9.conda#0e3dbe7fbf1bdfc028d877596193288f
https://conda.anaconda.org/conda-forge/win-64/vc14_runtime-14.44.35208-h818238b_26.conda#14d65350d3f5c8ff163dc4f76d6e2830
https://conda.anaconda.org/conda-forge/noarch/fonts-conda-ecosystem-1-0.tar.bz2#fee5683a3f04bd15cbd8318b096a27ab
https://conda.anaconda.org/conda-forge/win-64/libgomp-15.1.0-h1383e82_3.conda#94545e52b3d21a7ab89961f7bda3da0d
https://conda.anaconda.org/conda-forge/noarch/m2w64-sysroot_win-64-12.0.0.r4.gg4f2fc60ca-h7428d3b_9.conda#92797238cbdd15fabb63b01485f12183
https://conda.anaconda.org/conda-forge/win-64/vc-14.3-h41ae7f8_26.conda#18b6bf6f878501547786f7bf8052a34d
https://conda.anaconda.org/conda-forge/win-64/vs2015_runtime-14.44.35208-h38c0c73_26.conda#312f3a0a6b3c5908e79ce24002411e32
https://conda.anaconda.org/conda-forge/win-64/_openmp_mutex-4.5-2_gnu.conda#37e16618af5c4851a3f3d66dd0e11141
https://conda.anaconda.org/conda-forge/win-64/binutils_impl_win-64-2.43-h095e170_5.conda#8df3c983ae3dbeb3ef17bf54681c0168
https://conda.anaconda.org/conda-forge/win-64/bzip2-1.0.8-h2466b09_7.conda#276e7ffe9ffe39688abc665ef0f45596
https://conda.anaconda.org/conda-forge/win-64/icu-75.1-he0c23c2_0.conda#8579b6bb8d18be7c0b27fb08adeeeb40
https://conda.anaconda.org/conda-forge/win-64/lerc-4.0.0-h6470a55_1.conda#c1b81da6d29a14b542da14a36c9fbf3f
https://conda.anaconda.org/conda-forge/win-64/libdeflate-1.24-h76ddb4d_0.conda#08d988e266c6ae77e03d164b83786dc4
https://conda.anaconda.org/conda-forge/win-64/libexpat-2.7.0-he0c23c2_0.conda#b6f5352fdb525662f4169a0431d2dd7a
https://conda.anaconda.org/conda-forge/win-64/libffi-3.4.6-h537db12_1.conda#85d8fa5e55ed8f93f874b3b23ed54ec6
https://conda.anaconda.org/conda-forge/win-64/libiconv-1.18-h135ad9c_1.conda#21fc5dba2cbcd8e5e26ff976a312122c
https://conda.anaconda.org/conda-forge/win-64/libjpeg-turbo-3.1.0-h2466b09_0.conda#7c51d27540389de84852daa1cdb9c63c
https://conda.anaconda.org/conda-forge/win-64/liblzma-5.8.1-h2466b09_2.conda#c15148b2e18da456f5108ccb5e411446
https://conda.anaconda.org/conda-forge/win-64/libnghttp2-1.64.0-he0c23c2_0.conda#0f6b6e12925212492cf7a57bba773c5c
https://conda.anaconda.org/conda-forge/win-64/libuv-1.51.0-h2466b09_0.conda#9756651456477241b0226fb0ee051c58
https://conda.anaconda.org/conda-forge/win-64/libzlib-1.3.1-h2466b09_2.conda#41fbfac52c601159df6c01f875de31b9
https://conda.anaconda.org/conda-forge/win-64/openssl-3.5.0-ha4e3fda_1.conda#72c07e46b6766bb057018a9a74861b89
https://conda.anaconda.org/conda-forge/win-64/pixman-0.46.2-had0cd8c_0.conda#2566a45fb15e2f540eff14261f1242af
https://conda.anaconda.org/conda-forge/win-64/tk-8.6.13-h2c6b04d_2.conda#ebd0e761de9aa879a51d22cc721bd095
https://conda.anaconda.org/conda-forge/win-64/bwidget-1.10.1-h57928b3_1.conda#f99aeb077e200ba813e2096d56efb4ae
https://conda.anaconda.org/conda-forge/win-64/krb5-1.21.3-hdf4eb48_0.conda#31aec030344e962fbd7dbbbbd68e60a9
https://conda.anaconda.org/conda-forge/win-64/libgcc-15.1.0-h1383e82_3.conda#d8314be93c803e2e2b430f6389d6ce6a
https://conda.anaconda.org/conda-forge/win-64/libintl-0.22.5-h5728263_3.conda#2cf0cf76cc15d360dfa2f17fd6cf9772
https://conda.anaconda.org/conda-forge/win-64/libpng-1.6.49-h7a4582a_0.conda#27269977c8f25d499727ceabc47cee3d
https://conda.anaconda.org/conda-forge/win-64/libssh2-1.11.1-h9aa295b_0.conda#9dce2f112bfd3400f4f432b3d0ac07b2
https://conda.anaconda.org/conda-forge/win-64/libxml2-2.13.8-h442d1da_0.conda#833c2dbc1a5020007b520b044c713ed3
https://conda.anaconda.org/conda-forge/win-64/pcre2-10.45-h99c9b8b_0.conda#f4c483274001678e129f5cbaf3a8d765
https://conda.anaconda.org/conda-forge/win-64/tktable-2.10-h7e9e0db_7.conda#01ed7f7b4fbffe402c11823e3572c0a9
https://conda.anaconda.org/conda-forge/win-64/zstd-1.5.7-hbeecb71_2.conda#21f56217d6125fb30c3c3f10c786d751
https://conda.anaconda.org/conda-forge/win-64/libcurl-8.14.1-h88aaa65_0.conda#836b9c08f34d2017dbcaec907c6a1138
https://conda.anaconda.org/conda-forge/win-64/libfreetype6-2.13.3-h0b5ce68_1.conda#a84b7d1a13060a9372bea961a8131dbc
https://conda.anaconda.org/conda-forge/win-64/libgfortran5-15.1.0-h997fb6f_3.conda#125d13b255c6889005afbe371e419750
https://conda.anaconda.org/conda-forge/win-64/libgit2-1.9.1-hc9b8bfc_0.conda#9287db16b7f545abd2c0a63b9ec2822c
https://conda.anaconda.org/conda-forge/win-64/libglib-2.84.2-hbc94333_0.conda#fee05801cc5db97bec20a5e78fb3905b
https://conda.anaconda.org/conda-forge/win-64/libhwloc-2.11.2-default_ha69328c_1001.conda#b87a0ac5ab6495d8225db5dc72dd21cd
https://conda.anaconda.org/conda-forge/win-64/libstdcxx-15.1.0-h904f734_3.conda#2a9c15c2595766932527952ec60aa5f2
https://conda.anaconda.org/conda-forge/win-64/libtiff-4.7.0-h05922d8_5.conda#75370aba951b47ec3b5bfe689f1bcf7f
https://conda.anaconda.org/conda-forge/win-64/curl-8.14.1-h88aaa65_0.conda#9458592e87aa6ded55136aaf8368cc28
https://conda.anaconda.org/conda-forge/win-64/gcc_impl_win-64-15.1.0-hb5bc704_3.conda#5ded97f0d69e5081dd5a0f920ac87a3d
https://conda.anaconda.org/conda-forge/win-64/libfreetype-2.13.3-h57928b3_1.conda#410ba2c8e7bdb278dfbb5d40220e39d2
https://conda.anaconda.org/conda-forge/win-64/libgfortran-15.1.0-h719f0c7_3.conda#49729dc16d5e14d87add4efd9ca874d1
https://conda.anaconda.org/conda-forge/win-64/tbb-2021.13.0-h62715c5_1.conda#9190dd0a23d925f7602f9628b3aed511
https://conda.anaconda.org/conda-forge/win-64/freetype-2.13.3-h57928b3_1.conda#633504fe3f96031192e40e3e6c18ef06
https://conda.anaconda.org/conda-forge/win-64/gfortran_impl_win-64-15.1.0-h792c6fe_3.conda#4e8861795b4c599d94be584622173fc5
https://conda.anaconda.org/conda-forge/win-64/gxx_impl_win-64-15.1.0-h91e354b_3.conda#416c80e681908e2939eb39696084d777
https://conda.anaconda.org/conda-forge/win-64/mkl-2024.2.2-h66d3029_15.conda#302dff2807f2927b3e9e0d19d60121de
https://conda.anaconda.org/conda-forge/win-64/fontconfig-2.15.0-h765892d_1.conda#9bb0026a2131b09404c59c4290c697cd
https://conda.anaconda.org/conda-forge/win-64/libblas-3.9.0-32_h641d27c_mkl.conda#49b36a01450e96c516bbc5486d4a0ea0
https://conda.anaconda.org/conda-forge/win-64/cairo-1.18.4-h5782bbf_0.conda#20e32ced54300292aff690a69c5e7b97
https://conda.anaconda.org/conda-forge/win-64/libcblas-3.9.0-32_h5e41251_mkl.conda#054b9b4b48296e4413cf93e6ece7b27d
https://conda.anaconda.org/conda-forge/win-64/liblapack-3.9.0-32_h1aa476e_mkl.conda#1652285573db93afc3ba9b3b9356e3d3
https://conda.anaconda.org/conda-forge/win-64/gsl-2.7-hdfb1a43_0.tar.bz2#ca5c581b3659140455cf6ae00f6a2ea9
https://conda.anaconda.org/conda-forge/win-64/r-base-4.4.3-h80eeea9_2.conda#baa33c99829c52f7e0e48af1bae17ab2
https://conda.anaconda.org/conda-forge/noarch/r-assertthat-0.2.1-r44hc72bb7e_5.conda#9e9eee147ae329aaf3ec1cd3a1a7027c
https://conda.anaconda.org/conda-forge/win-64/r-base64enc-0.1_3-r44h11b023d_1007.conda#e74efcdd44825810ba68994f7103cee8
https://conda.anaconda.org/conda-forge/win-64/r-brio-1.1.5-r44heeb0ed9_1.conda#786fd64ff6c7bff88397005f5ef91416
https://conda.anaconda.org/conda-forge/win-64/r-cli-3.6.5-r44h8ae3a7c_0.conda#52914016855302c435f53d38f05f9684
https://conda.anaconda.org/conda-forge/noarch/r-clipr-0.8.0-r44hc72bb7e_3.conda#a1361a4e31db3a567f1f4792281f66a6
https://conda.anaconda.org/conda-forge/noarch/r-codetools-0.2_20-r44hc72bb7e_1.conda#2cde7285a140cc0fa3ea365da8013710
https://conda.anaconda.org/conda-forge/win-64/r-commonmark-1.9.5-r44h11b023d_0.conda#fdbebc71556ab12a3aabb2755e44281f
https://conda.anaconda.org/conda-forge/noarch/r-crayon-1.5.3-r44hc72bb7e_1.conda#89626d77a94256b8304bb8fc33d3364c
https://conda.anaconda.org/conda-forge/win-64/r-curl-6.2.2-r44h97788c5_0.conda#c450fe925c36e350dc0bffbf2d635632
https://conda.anaconda.org/conda-forge/win-64/r-digest-0.6.37-r44h8ae3a7c_0.conda#f5b0262359d254809cd4c2281dad90fc
https://conda.anaconda.org/conda-forge/noarch/r-evaluate-1.0.4-r44hc72bb7e_0.conda#99eed0419d388a6bfc5738dd33fb2d95
https://conda.anaconda.org/conda-forge/win-64/r-fansi-1.0.6-r44h11b023d_1.conda#5faff81fb5379349866cc70f3a2ec5a9
https://conda.anaconda.org/conda-forge/win-64/r-fastmap-1.2.0-r44h8ae3a7c_1.conda#b90743acef7fb498ae3f985232bdc6c6
https://conda.anaconda.org/conda-forge/win-64/r-fs-1.6.6-r44hd9cd2f5_0.conda#38cb518c79531159d345b96d2748286e
https://conda.anaconda.org/conda-forge/win-64/r-git2r-0.35.0-r44h873f592_0.conda#9cc8ae119908382d34f0d621de89524d
https://conda.anaconda.org/conda-forge/win-64/r-glue-1.8.0-r44h11b023d_0.conda#617674c2ae72aabee3bcf19fc9f43de5
https://conda.anaconda.org/conda-forge/win-64/r-jsonlite-2.0.0-r44h11b023d_0.conda#0b1f94b1f3682c5f54682c0d3aa8e508
https://conda.anaconda.org/conda-forge/win-64/r-lattice-0.22_7-r44h11b023d_0.conda#556876494b8838d3054fdca5668b8dcf
https://conda.anaconda.org/conda-forge/win-64/r-magrittr-2.0.3-r44h11b023d_3.conda#c705d2b76d75fe19f7e6ce8e304a0ad0
https://conda.anaconda.org/conda-forge/win-64/r-mime-0.13-r44h11b023d_0.conda#430f412f6bf652778d1ce3de303f3c21
https://conda.anaconda.org/conda-forge/noarch/r-pkgconfig-2.0.3-r44hc72bb7e_4.conda#17d36e686fb918637ca43fc4c036549e
https://conda.anaconda.org/conda-forge/win-64/r-png-0.1_8-r44h11b023d_2.conda#10fd594b2607153d49664260e91fe1f4
https://conda.anaconda.org/conda-forge/noarch/r-praise-1.0.0-r44hc72bb7e_1008.conda#18100d05de731eac388aeae0025f5cbc
https://conda.anaconda.org/conda-forge/win-64/r-ps-1.9.1-r44h11b023d_0.conda#ddd124bfcca05cebba44a21faaa3d5aa
https://conda.anaconda.org/conda-forge/noarch/r-r6-2.6.1-r44hc72bb7e_0.conda#08d1985cbe6bd96a818e127de51f9905
https://conda.anaconda.org/conda-forge/win-64/r-rappdirs-0.3.3-r44h11b023d_3.conda#8be169cf9a57825329cbf9f42663764f
https://conda.anaconda.org/conda-forge/win-64/r-rcpp-1.0.13_1-r44h8ae3a7c_0.conda#67fc6d24cf2cc0dac812518ca54fa047
https://conda.anaconda.org/conda-forge/win-64/r-rlang-1.1.6-r44h8ae3a7c_0.conda#0bbfb6678e9cf85f9d391fb782ebe6bd
https://conda.anaconda.org/conda-forge/noarch/r-rprojroot-2.0.4-r44hc72bb7e_1.conda#abf0a14ca33957a903f8dea4d66bc452
https://conda.anaconda.org/conda-forge/noarch/r-rstudioapi-0.17.1-r44hc72bb7e_0.conda#8e27f475cc9f88f8f6a99f3ee1cadf9e
https://conda.anaconda.org/conda-forge/win-64/r-sourcetools-0.1.7_1-r44h8ae3a7c_2.conda#2fb02d156f5bdfb63bca184624353180
https://conda.anaconda.org/conda-forge/win-64/r-stringi-1.8.7-r44h8ae3a7c_0.conda#386ccdee95d8692e141aed4678c1f224
https://conda.anaconda.org/conda-forge/win-64/r-sys-3.4.3-r44h11b023d_0.conda#61d159bdb9d0e19ec298e76c44ce90f8
https://conda.anaconda.org/conda-forge/win-64/r-utf8-1.2.6-r44h11b023d_0.conda#ac3942829c916688e07d8ac0d9707ffc
https://conda.anaconda.org/conda-forge/noarch/r-whisker-0.4.1-r44hc72bb7e_2.conda#fa500b29e7441b02ee19a6ad9cc4208f
https://conda.anaconda.org/conda-forge/noarch/r-withr-3.0.2-r44hc72bb7e_0.conda#7c7e6e8f6fc8d0fd3baf24e8a5ed8ff5
https://conda.anaconda.org/conda-forge/win-64/r-xfun-0.52-r44h8ae3a7c_0.conda#58a5edfcab8e40edb08b434e29a41f9d
https://conda.anaconda.org/conda-forge/noarch/r-xtable-1.8_4-r44hc72bb7e_6.conda#9a3f34a6260077152685fecdf6d0befa
https://conda.anaconda.org/conda-forge/win-64/r-yaml-2.3.10-r44h11b023d_0.conda#7722e3c309ff21beb15fb2b1a52d76ce
https://conda.anaconda.org/conda-forge/win-64/r-askpass-1.2.1-r44h11b023d_0.conda#f1b2377bcc54fa79af837b31e26a7bce
https://conda.anaconda.org/conda-forge/win-64/r-cachem-1.1.0-r44h11b023d_1.conda#b98981d9013ca86c5968529b01cb31bc
https://conda.anaconda.org/conda-forge/noarch/r-desc-1.4.3-r44hc72bb7e_1.conda#dbbffaa90be91b868a954690f987a5ea
https://conda.anaconda.org/conda-forge/win-64/r-diffobj-0.3.6-r44h11b023d_0.conda#926e536ee96a206e32cc96110f182409
https://conda.anaconda.org/conda-forge/win-64/r-ellipsis-0.3.2-r44h11b023d_3.conda#d74541bd486852529d18989b224593c0
https://conda.anaconda.org/conda-forge/win-64/r-getpass-0.2_4-r44h11b023d_1.conda#4ad843dc06358d930b668de89958f09e
https://conda.anaconda.org/conda-forge/noarch/r-here-1.0.1-r44hc72bb7e_3.conda#8967b2f7b7c4ac47d0e8706841817338
https://conda.anaconda.org/conda-forge/noarch/r-highr-0.11-r44hc72bb7e_1.conda#6513f8e9954403cf1f0a2414ea308801
https://conda.anaconda.org/conda-forge/win-64/r-later-1.4.2-r44h8ae3a7c_0.conda#196fd60d0df57e17fcb14aa66b13e8ce
https://conda.anaconda.org/conda-forge/noarch/r-lifecycle-1.0.4-r44hc72bb7e_1.conda#66d0ba7c05d0abfa11d126ba8e2907aa
https://conda.anaconda.org/conda-forge/win-64/r-matrix-1.7_3-r44h412cb52_0.conda#a9ea1ac0735ed8b989cd775c8e848820
https://conda.anaconda.org/conda-forge/noarch/r-prettyunits-1.2.0-r44hc72bb7e_1.conda#9e8e45220a8e13eb137c2ff752b7b941
https://conda.anaconda.org/conda-forge/win-64/r-processx-3.8.6-r44h11b023d_0.conda#4a99b8092f8a688a6d0807f1e5df1a71
https://conda.anaconda.org/conda-forge/win-64/r-rcpptoml-0.2.3-r44h8ae3a7c_0.conda#3138cec9467e987a6bb40956eaa8c5bd
https://conda.anaconda.org/conda-forge/noarch/r-sessioninfo-1.2.3-r44hc72bb7e_0.conda#528015730ff49e3555aef47cad428632
https://conda.anaconda.org/conda-forge/noarch/r-tinytex-0.57-r44hc72bb7e_0.conda#b78a6816218eeb70125e3f41362a0c73
https://conda.anaconda.org/conda-forge/noarch/r-callr-3.7.6-r44hc72bb7e_1.conda#f0f382bade070ac331795b7af7f103ce
https://conda.anaconda.org/conda-forge/win-64/r-htmltools-0.5.8.1-r44h8ae3a7c_1.conda#93dfa4a52692b1d86197508f776c434c
https://conda.anaconda.org/conda-forge/noarch/r-knitr-1.50-r44hc72bb7e_0.conda#8283917ebf80191ab515f28dc79af1cd
https://conda.anaconda.org/conda-forge/noarch/r-memoise-2.0.1-r44hc72bb7e_3.conda#3b5d996b00a781c3a08a05687ce55075
https://conda.anaconda.org/conda-forge/win-64/r-openssl-2.3.3-r44haf0e47c_0.conda#b319d4cca10ce37ea5228d88eca5dbff
https://conda.anaconda.org/conda-forge/win-64/r-promises-1.3.2-r44h8ae3a7c_0.conda#29c788101e219fd960c1fc8519de7cd3
https://conda.anaconda.org/conda-forge/win-64/r-reticulate-1.42.0-r44hd9cd2f5_0.conda#ca860bd4eb9356bd24d0961d162b3756
https://conda.anaconda.org/conda-forge/win-64/r-vctrs-0.6.5-r44h8ae3a7c_1.conda#507462e5ba0dbabe3a35e309c42c33b4
https://conda.anaconda.org/conda-forge/noarch/r-fontawesome-0.5.3-r44hc72bb7e_0.conda#499534dec55ac7601189aae9da6af7bb
https://conda.anaconda.org/conda-forge/win-64/r-httpuv-1.6.15-r44h8ae3a7c_1.conda#985c63d89164c4d7ba8fd4229028da09
https://conda.anaconda.org/conda-forge/noarch/r-httr-1.4.7-r44hc72bb7e_1.conda#9dd48155c67d87a2adc68ddb7c3ab508
https://conda.anaconda.org/conda-forge/noarch/r-jquerylib-0.1.4-r44hc72bb7e_3.conda#05b3ceb1b32c28589d267a0f9824faf7
https://conda.anaconda.org/conda-forge/noarch/r-pillar-1.10.2-r44hc72bb7e_0.conda#990526aedf87cc49d999c9009b595c9f
https://conda.anaconda.org/conda-forge/noarch/r-pkgbuild-1.4.8-r44hc72bb7e_0.conda#4a33e52709a0d8c1fb4fc6290488cb88
https://conda.anaconda.org/conda-forge/win-64/r-sass-0.4.10-r44h8ae3a7c_0.conda#562b618af4c5b8f2004b1e2007cfbdc0
https://conda.anaconda.org/conda-forge/noarch/r-stringr-1.5.1-r44h785f33e_1.conda#f1fdeed70529cb6e74277d758b5304fd
https://conda.anaconda.org/conda-forge/noarch/r-bslib-0.9.0-r44hc72bb7e_0.conda#7b21e7e9b06078e5005b68d45989df23
https://conda.anaconda.org/conda-forge/noarch/r-pkgload-1.4.0-r44hc72bb7e_0.conda#da841db7a6a1f85e30be7e6da3633a7f
https://conda.anaconda.org/conda-forge/win-64/r-tibble-3.3.0-r44h11b023d_0.conda#c382734cb50a42fdff0c601ae127062b
https://conda.anaconda.org/conda-forge/noarch/r-rematch2-2.1.2-r44hc72bb7e_4.conda#d45c62f578edc546383f48b1e353fcf9
https://conda.anaconda.org/conda-forge/noarch/r-rmarkdown-2.29-r44hc72bb7e_0.conda#de2725e261bef19a1df61f63f2543926
https://conda.anaconda.org/conda-forge/noarch/r-shiny-1.11.0-r44h785f33e_0.conda#0d3211212cfb974f5ca285afb9b8d643
https://conda.anaconda.org/conda-forge/noarch/r-miniui-0.1.2-r44hc72bb7e_0.conda#f9fef7ba72eaa567a56da2b211c74f37
https://conda.anaconda.org/conda-forge/noarch/r-waldo-0.6.1-r44hc72bb7e_0.conda#1939894f96eb2f2b16d4001d75117641
https://conda.anaconda.org/conda-forge/win-64/r-testthat-3.2.3-r44h8ae3a7c_0.conda#466d626eb838f68fef6086947c8bb1ea
