# This file may be used to create an environment using:
# $ conda create --name <env> --file <this file>
# platform: osx-64
@EXPLICIT
https://conda.anaconda.org/conda-forge/noarch/_r-mutex-1.0.1-anacondar_1.tar.bz2#19f9db5f4f1b7f5ef5f6d67207f25f38
https://conda.anaconda.org/conda-forge/osx-64/bzip2-1.0.8-h0d85af4_4.tar.bz2#37edc4e6304ca87316e160f5ca0bd1b5
https://conda.anaconda.org/conda-forge/osx-64/c-ares-1.19.1-h0dc2134_0.conda#b3e62631b4e1b9801477523ce1d6f355
https://conda.anaconda.org/conda-forge/osx-64/ca-certificates-2023.7.22-h8857fd0_0.conda#bf2c54c18997bf3542af074c10191771
https://conda.anaconda.org/conda-forge/noarch/font-ttf-dejavu-sans-mono-2.37-hab24e00_0.tar.bz2#0c96522c6bdaed4b1566d11387caaf45
https://conda.anaconda.org/conda-forge/noarch/font-ttf-inconsolata-3.000-h77eed37_0.tar.bz2#34893075a5c9e55cdafac56607368fc6
https://conda.anaconda.org/conda-forge/noarch/font-ttf-source-code-pro-2.038-h77eed37_0.tar.bz2#4d59c254e01d9cde7957100457e2d5fb
https://conda.anaconda.org/conda-forge/noarch/font-ttf-ubuntu-0.83-hab24e00_0.tar.bz2#19410c3df09dfb12d1206132a1d357c5
https://conda.anaconda.org/conda-forge/osx-64/fribidi-1.0.10-hbcb3906_0.tar.bz2#f1c6b41e0f56998ecd9a3e210faa1dc0
https://conda.anaconda.org/conda-forge/osx-64/icu-73.2-hf5e326d_0.conda#5cc301d759ec03f28328428e28f65591
https://conda.anaconda.org/conda-forge/osx-64/libcxx-16.0.6-hd57cbcb_0.conda#7d6972792161077908b62971802f289a
https://conda.anaconda.org/conda-forge/osx-64/libdeflate-1.19-ha4e1b8e_0.conda#6a45f543c2beb40023df5ee7e3cedfbd
https://conda.anaconda.org/conda-forge/osx-64/libev-4.33-haf1e3a3_1.tar.bz2#79dc2be110b2a3d1e97ec21f691c50ad
https://conda.anaconda.org/conda-forge/osx-64/libexpat-2.5.0-hf0c8a7f_1.conda#6c81cb022780ee33435cca0127dd43c9
https://conda.anaconda.org/conda-forge/osx-64/libffi-3.4.2-h0d85af4_5.tar.bz2#ccb34fb14960ad8b125962d3d79b31a9
https://conda.anaconda.org/conda-forge/noarch/libgfortran-devel_osx-64-12.3.0-h0b6f5ec_1.conda#ecc03a145b87ed6b8806fb02dc0e13c4
https://conda.anaconda.org/conda-forge/osx-64/libiconv-1.17-hac89ed1_0.tar.bz2#691d103d11180486154af49c037b7ed9
https://conda.anaconda.org/conda-forge/osx-64/libjpeg-turbo-3.0.0-h0dc2134_1.conda#72507f8e3961bc968af17435060b6dd6
https://conda.anaconda.org/conda-forge/osx-64/libwebp-base-1.3.2-h0dc2134_0.conda#4e7e9d244e87d66c18d36894fd6a8ae5
https://conda.anaconda.org/conda-forge/osx-64/libzlib-1.2.13-h8a1eda9_5.conda#4a3ad23f6e16f99c04e166767193d700
https://conda.anaconda.org/conda-forge/osx-64/llvm-openmp-16.0.6-hff08bdf_0.conda#39a5227d906f75102bf8586741690128
https://conda.anaconda.org/conda-forge/osx-64/make-4.3-h22f3db7_1.tar.bz2#ac4a1dd58e6d821c518ae0011e8592b7
https://conda.anaconda.org/conda-forge/osx-64/ncurses-6.4-hf0c8a7f_0.conda#c3dbae2411164d9b02c69090a9a91857
https://conda.anaconda.org/conda-forge/osx-64/pandoc-2.19.2-h694c41f_2.conda#de3014568ff5004048dd09ba73990430
https://conda.anaconda.org/conda-forge/osx-64/xz-5.2.6-h775f41a_0.tar.bz2#a72f9d4ea13d55d745ff1ed594747f10
https://conda.anaconda.org/conda-forge/osx-64/expat-2.5.0-hf0c8a7f_1.conda#e12630038077877cbb6c7851e139c17c
https://conda.anaconda.org/conda-forge/noarch/fonts-conda-forge-1-0.tar.bz2#f766549260d6815b0c52253f1fb1bb29
https://conda.anaconda.org/conda-forge/osx-64/gettext-0.21.1-h8a4c099_0.tar.bz2#1e3aff29ce703d421c43f371ad676cc5
https://conda.anaconda.org/conda-forge/osx-64/gmp-6.2.1-h2e338ed_0.tar.bz2#dedc96914428dae572a39e69ee2a392f
https://conda.anaconda.org/conda-forge/osx-64/graphite2-1.3.13-h2e338ed_1001.tar.bz2#5f6e7f98caddd0fc2d345b207531814c
https://conda.anaconda.org/conda-forge/osx-64/isl-0.25-hb486fe8_0.tar.bz2#45a9a46c78c0ea5c275b535f7923bde3
https://conda.anaconda.org/conda-forge/osx-64/lerc-4.0.0-hb486fe8_0.tar.bz2#f9d6a4c82889d5ecedec1d90eb673c55
https://conda.anaconda.org/conda-forge/osx-64/libedit-3.1.20191231-h0678c8f_2.tar.bz2#6016a8a1d0e63cac3de2c352cd40208b
https://conda.anaconda.org/conda-forge/osx-64/libgfortran5-13.2.0-h2873a65_1.conda#3af564516b5163cd8cc08820413854bc
https://conda.anaconda.org/conda-forge/osx-64/libpng-1.6.39-ha978bb4_0.conda#35e4928794c5391aec14ffdf1deaaee5
https://conda.anaconda.org/conda-forge/osx-64/libxml2-2.11.5-h3346baf_1.conda#7584dee6af7de378aed0ae49aebedb8a
https://conda.anaconda.org/conda-forge/osx-64/openssl-3.1.3-h8a1eda9_0.conda#26f9b58f905547e658e9587f8e8cfe43
https://conda.anaconda.org/conda-forge/osx-64/pcre2-10.40-h1c4e4bc_0.tar.bz2#e0f80c8f3a0352a54eddfe59cd2b25b1
https://conda.anaconda.org/conda-forge/osx-64/pixman-0.42.2-he965462_0.conda#e4180dcfd3e3621560fe1ad522997520
https://conda.anaconda.org/conda-forge/osx-64/readline-8.2-h9e318b2_1.conda#f17f77f2acf4d344734bda76829ce14e
https://conda.anaconda.org/conda-forge/osx-64/tapi-1100.0.11-h9ce4665_0.tar.bz2#f9ff42ccf809a21ba6f8607f8de36108
https://conda.anaconda.org/conda-forge/osx-64/tk-8.6.13-hef22860_0.conda#0c25eedcc888b6d765948ab62a18c03e
https://conda.anaconda.org/conda-forge/osx-64/zlib-1.2.13-h8a1eda9_5.conda#75a8a98b1c4671c5d2897975731da42d
https://conda.anaconda.org/conda-forge/osx-64/zstd-1.5.5-h829000d_0.conda#80abc41d0c48b82fe0f04e7f42f5cb7e
https://conda.anaconda.org/conda-forge/osx-64/bwidget-1.9.14-h694c41f_1.tar.bz2#bfebc1f663c38331b8d0dca32a515e95
https://conda.anaconda.org/conda-forge/noarch/fonts-conda-ecosystem-1-0.tar.bz2#fee5683a3f04bd15cbd8318b096a27ab
https://conda.anaconda.org/conda-forge/osx-64/freetype-2.12.1-h60636b9_2.conda#25152fce119320c980e5470e64834b50
https://conda.anaconda.org/conda-forge/osx-64/krb5-1.21.2-hb884880_0.conda#80505a68783f01dc8d7308c075261b2f
https://conda.anaconda.org/conda-forge/osx-64/libgfortran-5.0.0-13_2_0_h97931a8_1.conda#b55fd11ab6318a6e67ac191309701d5a
https://conda.anaconda.org/conda-forge/osx-64/libglib-2.78.0-hc62aa5d_0.conda#2c70095fa74bf95a5fd5c830a1529a8b
https://conda.anaconda.org/conda-forge/osx-64/libllvm16-16.0.6-he4b1e75_2.conda#22f7290639ab045be330423476fc9933
https://conda.anaconda.org/conda-forge/osx-64/libnghttp2-1.52.0-he2ab024_0.conda#12ac7d100bf260263e30a019517f42a2
https://conda.anaconda.org/conda-forge/osx-64/libssh2-1.11.0-hd019ec5_0.conda#ca3a72efba692c59a90d4b9fc0dfe774
https://conda.anaconda.org/conda-forge/osx-64/libtiff-4.6.0-h684deea_2.conda#2ca10a325063e000ad6d2a5900061e0d
https://conda.anaconda.org/conda-forge/osx-64/mpfr-4.2.0-h4f9bd69_0.conda#f48a2f4515be334c5cfeed82517b96e0
https://conda.anaconda.org/conda-forge/osx-64/sigtool-0.1.3-h88f4db0_0.tar.bz2#fbfb84b9de9a6939cb165c02c69b1865
https://conda.anaconda.org/conda-forge/osx-64/tktable-2.10-ha166976_5.conda#602295ab8aad142337605f1f9ef77640
https://conda.anaconda.org/conda-forge/osx-64/fontconfig-2.14.2-h5bb23bf_0.conda#86cc5867dfbee4178118392bae4a3c89
https://conda.anaconda.org/conda-forge/osx-64/ld64_osx-64-609-ha20a434_14.conda#dbd928beb4bc73a54ec269620331f7bb
https://conda.anaconda.org/conda-forge/osx-64/libclang-cpp16-16.0.6-default_h762fdd7_1.conda#e398eb00747237c8a68f94e1c0647880
https://conda.anaconda.org/conda-forge/osx-64/libcurl-8.3.0-h5f667d7_0.conda#ec1ea8499d8ef2599ffb230b7a97a9bd
https://conda.anaconda.org/conda-forge/osx-64/libgit2-1.7.1-h94d3247_0.conda#27f9ecb09e15c7601f1c6ed424f6e071
https://conda.anaconda.org/conda-forge/osx-64/libopenblas-0.3.24-openmp_h48a4ad5_0.conda#077718837dd06cf0c3089070108869f6
https://conda.anaconda.org/conda-forge/osx-64/llvm-tools-16.0.6-he4b1e75_2.conda#301727f6047e65138071deccd0d8bafb
https://conda.anaconda.org/conda-forge/osx-64/mpc-1.3.1-h81bd1dd_0.conda#c752c0eb6c250919559172c011e5f65b
https://conda.anaconda.org/conda-forge/osx-64/cairo-1.16.0-hfdb49f2_1017.conda#3fcec2e67ea8af5f5e33506651b16c41
https://conda.anaconda.org/conda-forge/osx-64/cctools_osx-64-973.0.1-ha1c5b94_14.conda#9ba27a98c215e7a5c3b590d77ff862f7
https://conda.anaconda.org/conda-forge/osx-64/clang-16-16.0.6-default_h762fdd7_1.conda#5a28ee228f99d7d6d69d9f922b899c51
https://conda.anaconda.org/conda-forge/osx-64/curl-8.3.0-h5f667d7_0.conda#6cc27c69f4073003e87cf0aaf60695e3
https://conda.anaconda.org/conda-forge/osx-64/gfortran_impl_osx-64-12.3.0-h54fd467_1.conda#5f4d40236e204c6e62cd0a316244f316
https://conda.anaconda.org/conda-forge/osx-64/libblas-3.9.0-18_osx64_openblas.conda#6461cded280f7a46ebef0f1b687d4883
https://conda.anaconda.org/conda-forge/osx-64/clang-16.0.6-hc177806_1.conda#5dbc51bad84769384bebd1c2db8706a0
https://conda.anaconda.org/conda-forge/osx-64/harfbuzz-8.2.1-h7666e2a_0.conda#81f8f2aaf6bd4b408a0a8823edf7ce3b
https://conda.anaconda.org/conda-forge/osx-64/liblapack-3.9.0-18_osx64_openblas.conda#e3e4572494c68a638faea31e7b72ec56
https://conda.anaconda.org/conda-forge/osx-64/clangxx-16.0.6-default_h762fdd7_1.conda#045821d0728819cb66bada9fa54c7eb7
https://conda.anaconda.org/conda-forge/osx-64/pango-1.50.14-h19c1c8a_2.conda#bf0d46d9e97cb3ae5ad7ee4b688929a9
https://conda.anaconda.org/conda-forge/noarch/compiler-rt_osx-64-16.0.6-he1888fc_0.conda#ea541c81ad19c7e574861c009adddce6
https://conda.anaconda.org/conda-forge/osx-64/compiler-rt-16.0.6-he1888fc_0.conda#b15548f58f6a6834456b2f853904a5f9
https://conda.anaconda.org/conda-forge/osx-64/clang_osx-64-16.0.6-h8787910_1.conda#c74a690ded1403b1f651764cb1c65c68
https://conda.anaconda.org/conda-forge/osx-64/clangxx_osx-64-16.0.6-h1b7723c_1.conda#ebc83a35b8f71542f890cdfd35f5ce84
https://conda.anaconda.org/conda-forge/osx-64/gfortran_osx-64-12.3.0-h18f7dce_1.conda#436af2384c47aedb94af78a128e174f1
https://conda.anaconda.org/conda-forge/osx-64/r-base-4.3.1-h0ff45fa_6.conda#22ebf445e5fb371225ab0ab15d98e6ec
https://conda.anaconda.org/conda-forge/noarch/r-assertthat-0.2.1-r43hc72bb7e_4.conda#ad9918e6b9dcfc83f32ef9fb0776c7aa
https://conda.anaconda.org/conda-forge/osx-64/r-base64enc-0.1_3-r43h6dc245f_1006.conda#896f2851225025153dd33eaa7eb9922f
https://conda.anaconda.org/conda-forge/osx-64/r-brio-1.1.3-r43h6dc245f_2.conda#86b5abf249554cadc6e3a014675749ca
https://conda.anaconda.org/conda-forge/osx-64/r-cli-3.6.1-r43hac7d2d5_1.conda#67b19a56fb5f0cbf406dc59020270179
https://conda.anaconda.org/conda-forge/noarch/r-clipr-0.8.0-r43hc72bb7e_2.conda#978856edcd203d1c029dbdd4c7252072
https://conda.anaconda.org/conda-forge/noarch/r-codetools-0.2_19-r43hc72bb7e_1.conda#9f1bc4f7082065d09b0a7031bb82890b
https://conda.anaconda.org/conda-forge/osx-64/r-commonmark-1.9.0-r43h6dc245f_1.conda#f33616e64aac43618df16e76d4cf5956
https://conda.anaconda.org/conda-forge/noarch/r-crayon-1.5.2-r43hc72bb7e_2.conda#f13cc355add93ff41ef3d7aeefee247a
https://conda.anaconda.org/conda-forge/osx-64/r-curl-5.0.2-r43h0100ac3_0.conda#b5f63b79cd1527616a30de9045754bb8
https://conda.anaconda.org/conda-forge/osx-64/r-digest-0.6.33-r43hac7d2d5_0.conda#2c5b2f600d1a0d47488fac3e5e0eeca3
https://conda.anaconda.org/conda-forge/noarch/r-evaluate-0.22-r43hc72bb7e_0.conda#85995f3096303bca1ba69eb69e990f20
https://conda.anaconda.org/conda-forge/osx-64/r-fansi-1.0.4-r43h6dc245f_1.conda#0b8af6e9c60ec337813caae933793dc4
https://conda.anaconda.org/conda-forge/osx-64/r-fastmap-1.1.1-r43hac7d2d5_1.conda#1068c2fe5d2b590596b58a88fdd19cb7
https://conda.anaconda.org/conda-forge/osx-64/r-fs-1.6.3-r43hac7d2d5_0.conda#ba774bc4eb5cd92632103b0f702edc49
https://conda.anaconda.org/conda-forge/osx-64/r-git2r-0.31.0-r43h75b6a36_2.conda#4f671f977d69bb5b4ba7eedc9dd20f79
https://conda.anaconda.org/conda-forge/osx-64/r-glue-1.6.2-r43h6dc245f_2.conda#67bd435d89b9c6dd5aba3e1dcf3ceb2b
https://conda.anaconda.org/conda-forge/osx-64/r-jsonlite-1.8.7-r43h6dc245f_0.conda#617a517dcfa47ba6bf99d9ea8c88b275
https://conda.anaconda.org/conda-forge/osx-64/r-lattice-0.21_9-r43h6dc245f_0.conda#39011ed9b25c18e41507830e001127f8
https://conda.anaconda.org/conda-forge/osx-64/r-magrittr-2.0.3-r43h6dc245f_2.conda#6a1cbbbec370d65c6f862434580833d7
https://conda.anaconda.org/conda-forge/osx-64/r-mime-0.12-r43h6dc245f_2.conda#eb8c458b15233800a7d7b8d4abbfdd0e
https://conda.anaconda.org/conda-forge/noarch/r-pkgconfig-2.0.3-r43hc72bb7e_3.conda#8978eef741fffaa48be070693a17f42f
https://conda.anaconda.org/conda-forge/osx-64/r-png-0.1_8-r43h9ae9e50_1.conda#cb42866ad1cc9adb524657c7b8bd20f6
https://conda.anaconda.org/conda-forge/noarch/r-praise-1.0.0-r43hc72bb7e_1007.conda#0b5f0912a64db791b7ab9bae6016b2c8
https://conda.anaconda.org/conda-forge/osx-64/r-ps-1.7.5-r43h6dc245f_1.conda#39392a05e3617084762446c34187de12
https://conda.anaconda.org/conda-forge/noarch/r-r6-2.5.1-r43hc72bb7e_2.conda#79f167972554dc6b65aa099cd85c22a1
https://conda.anaconda.org/conda-forge/osx-64/r-rappdirs-0.3.3-r43h6dc245f_2.conda#2cc5f426b77b9d7ddf9a51b8953c3d73
https://conda.anaconda.org/conda-forge/osx-64/r-rcpp-1.0.11-r43hac7d2d5_0.conda#99252614fbbcb61fec4acf78ca91c0bb
https://conda.anaconda.org/conda-forge/osx-64/r-rlang-1.1.1-r43hac7d2d5_1.conda#1f4f308421f74303104690a1ab2f883b
https://conda.anaconda.org/conda-forge/noarch/r-rprojroot-2.0.3-r43hc72bb7e_0.conda#a29ab4c503de120952e033f506700525
https://conda.anaconda.org/conda-forge/noarch/r-rstudioapi-0.15.0-r43hc72bb7e_0.conda#1bde3fa27383b477b899a0a2bc830cc5
https://conda.anaconda.org/conda-forge/osx-64/r-sourcetools-0.1.7_1-r43hac7d2d5_1.conda#8c32212a40bcf91eeba68c3336bb6d85
https://conda.anaconda.org/conda-forge/osx-64/r-stringi-1.7.12-r43h480af0a_3.conda#3fc97170046f3aff96eeb58de37f3a83
https://conda.anaconda.org/conda-forge/osx-64/r-sys-3.4.2-r43h6dc245f_1.conda#5e0894f34fb0cfa7e5ce86db22629a07
https://conda.anaconda.org/conda-forge/osx-64/r-utf8-1.2.3-r43h6dc245f_1.conda#db2c6613f6ddd946468df7be75e81ee2
https://conda.anaconda.org/conda-forge/noarch/r-whisker-0.4.1-r43hc72bb7e_1.conda#58ab247db1e1c60cb7f37c152cfad13f
https://conda.anaconda.org/conda-forge/noarch/r-withr-2.5.1-r43hc72bb7e_0.conda#c48acb1bd94b051f44e9e2fef4dfdfcb
https://conda.anaconda.org/conda-forge/osx-64/r-xfun-0.40-r43hac7d2d5_0.conda#3b429516cf0f45f3b8a8b2da2a614b64
https://conda.anaconda.org/conda-forge/noarch/r-xtable-1.8_4-r43hc72bb7e_5.conda#5feaea09b5105200b972101ed5c6ba44
https://conda.anaconda.org/conda-forge/osx-64/r-yaml-2.3.7-r43h6dc245f_1.conda#0fcac2f88e17467c12196cb69617cbe9
https://conda.anaconda.org/conda-forge/osx-64/r-askpass-1.2.0-r43h6dc245f_0.conda#c9e31789caec8e0e94145bbce7e88469
https://conda.anaconda.org/conda-forge/osx-64/r-cachem-1.0.8-r43h6dc245f_1.conda#030bea738072ef197e31253132015606
https://conda.anaconda.org/conda-forge/noarch/r-desc-1.4.2-r43hc72bb7e_2.conda#f110301831782322add2d4584139befb
https://conda.anaconda.org/conda-forge/osx-64/r-diffobj-0.3.5-r43h6dc245f_2.conda#dc1950ad434bda9b86c16046cdc182bd
https://conda.anaconda.org/conda-forge/osx-64/r-ellipsis-0.3.2-r43h6dc245f_2.conda#b44ebf0eb048153226d108a3b5aac7c9
https://conda.anaconda.org/conda-forge/osx-64/r-getpass-0.2_2-r43h6dc245f_1006.conda#65eadd5df8160c96adff91f1cd60c33a
https://conda.anaconda.org/conda-forge/noarch/r-here-1.0.1-r43hc72bb7e_2.conda#86c1d1a28c8cab933ecba04494e2df5f
https://conda.anaconda.org/conda-forge/noarch/r-highr-0.10-r43hc72bb7e_1.conda#323965ffc1eb89aab3f39096b3104869
https://conda.anaconda.org/conda-forge/osx-64/r-later-1.3.1-r43h670e93c_1.conda#568cd00612061851ccdcb50073e1f177
https://conda.anaconda.org/conda-forge/noarch/r-lifecycle-1.0.3-r43hc72bb7e_2.conda#1f30d09e499cc9dec194c80533ec549e
https://conda.anaconda.org/conda-forge/osx-64/r-matrix-1.6_1.1-r43hc46c21c_0.conda#6da0c570712c3388bf0fbd944065c3ca
https://conda.anaconda.org/conda-forge/noarch/r-prettyunits-1.2.0-r43hc72bb7e_0.conda#7dc33db3703c9c4caa81cf1aea02b6bf
https://conda.anaconda.org/conda-forge/osx-64/r-processx-3.8.2-r43h6dc245f_0.conda#fc6d482b82920563928b0c77a8e54fa4
https://conda.anaconda.org/conda-forge/osx-64/r-rcpptoml-0.2.2-r43hac7d2d5_1.conda#87d37e133e79aee82823564346234633
https://conda.anaconda.org/conda-forge/noarch/r-sessioninfo-1.2.2-r43hc72bb7e_2.conda#29b46d676ba0fbc9f4950bf403f566bd
https://conda.anaconda.org/conda-forge/noarch/r-tinytex-0.47-r43hc72bb7e_0.conda#63e463c809340a9c25ae458064c038d1
https://conda.anaconda.org/conda-forge/noarch/r-callr-3.7.3-r43hc72bb7e_1.conda#b5e467a3f2456adaec9d8808afcb8bc1
https://conda.anaconda.org/conda-forge/osx-64/r-htmltools-0.5.6-r43hac7d2d5_0.conda#ab721b82ee6a71d0900e0ecaac6b5ba3
https://conda.anaconda.org/conda-forge/noarch/r-knitr-1.44-r43hc72bb7e_0.conda#ae14d0a2920e9dc57fbf0337d072b4ae
https://conda.anaconda.org/conda-forge/noarch/r-memoise-2.0.1-r43hc72bb7e_2.conda#6520452e207d8f9bab9f21492f88c48b
https://conda.anaconda.org/conda-forge/osx-64/r-openssl-2.1.1-r43hc61a7e2_0.conda#3db86666c5b26a54e5976ab755a6fa8a
https://conda.anaconda.org/conda-forge/osx-64/r-promises-1.2.1-r43hac7d2d5_0.conda#fc9cc111fa54190ffea58e8eb04573b0
https://conda.anaconda.org/conda-forge/osx-64/r-reticulate-1.32.0-r43hac7d2d5_0.conda#02ef20f53d7309a44bd1e656b94f34b6
https://conda.anaconda.org/conda-forge/osx-64/r-vctrs-0.6.3-r43hac7d2d5_0.conda#265260a0947eb380908680bb0f024628
https://conda.anaconda.org/conda-forge/noarch/r-fontawesome-0.5.2-r43hc72bb7e_0.conda#d07f215759462959de39d7232386f1b9
https://conda.anaconda.org/conda-forge/osx-64/r-httpuv-1.6.11-r43hac7d2d5_1.conda#5b1a0c104b5f07cc304b052ffff8d661
https://conda.anaconda.org/conda-forge/noarch/r-httr-1.4.7-r43hc72bb7e_0.conda#a1e874d45427efec0c8f1118945acac5
https://conda.anaconda.org/conda-forge/noarch/r-jquerylib-0.1.4-r43hc72bb7e_2.conda#49a3fad710cbccec9139b36587842f88
https://conda.anaconda.org/conda-forge/noarch/r-pillar-1.9.0-r43hc72bb7e_1.conda#7cff01456566a69381d3907d520c10b2
https://conda.anaconda.org/conda-forge/noarch/r-pkgbuild-1.4.2-r43hc72bb7e_0.conda#e3f0e28d81de5b92abbdbf6eb6716f9c
https://conda.anaconda.org/conda-forge/osx-64/r-sass-0.4.7-r43hac7d2d5_0.conda#63ea32c62fefe0d88fa20f82acfeed89
https://conda.anaconda.org/conda-forge/noarch/r-stringr-1.5.0-r43h785f33e_1.conda#a814fbf0ee4e4dd3d8110bf958f4d73b
https://conda.anaconda.org/conda-forge/noarch/r-bslib-0.5.1-r43hc72bb7e_0.conda#ef69b6ce5e412b8a1c6803dc50c51f1a
https://conda.anaconda.org/conda-forge/noarch/r-pkgload-1.3.3-r43hc72bb7e_0.conda#5a210114c5aa973b48328947fca2441c
https://conda.anaconda.org/conda-forge/osx-64/r-tibble-3.2.1-r43h6dc245f_2.conda#a2c9fc4f08d7d23c5db5c4f1a51425a0
https://conda.anaconda.org/conda-forge/noarch/r-rematch2-2.1.2-r43hc72bb7e_3.conda#d1f849bc6b24f93c392f4177f65578b4
https://conda.anaconda.org/conda-forge/noarch/r-rmarkdown-2.25-r43hc72bb7e_0.conda#620a4a3524f87dae136da5aeb9472369
https://conda.anaconda.org/conda-forge/noarch/r-shiny-1.7.5-r43h785f33e_0.conda#2c2d18e16318b7e4e8ca886c534d46ee
https://conda.anaconda.org/conda-forge/noarch/r-miniui-0.1.1.1-r43hc72bb7e_1004.conda#d2bd9ef1f79170e5f5d2549dbf21e6d3
https://conda.anaconda.org/conda-forge/noarch/r-waldo-0.5.1-r43hc72bb7e_1.conda#2c7f8a60c3180de955ca298bf0afd3db
https://conda.anaconda.org/conda-forge/osx-64/r-testthat-3.1.10-r43hac7d2d5_0.conda#58f51370110a2a88cb07c0c3e372b58a
