# This file may be used to create an environment using:
# $ conda create --name <env> --file <this file>
# platform: linux-64
# created-by: conda 25.5.1
@EXPLICIT
https://conda.anaconda.org/conda-forge/linux-64/_libgcc_mutex-0.1-conda_forge.tar.bz2#d7c89558ba9fa0495403155b64376d81
https://conda.anaconda.org/conda-forge/noarch/_r-mutex-1.0.1-anacondar_1.tar.bz2#19f9db5f4f1b7f5ef5f6d67207f25f38
https://conda.anaconda.org/conda-forge/noarch/ca-certificates-2025.8.3-hbd8a1cb_0.conda#74784ee3d225fc3dca89edb635b4e5cc
https://conda.anaconda.org/conda-forge/noarch/font-ttf-dejavu-sans-mono-2.37-hab24e00_0.tar.bz2#0c96522c6bdaed4b1566d11387caaf45
https://conda.anaconda.org/conda-forge/noarch/font-ttf-inconsolata-3.000-h77eed37_0.tar.bz2#34893075a5c9e55cdafac56607368fc6
https://conda.anaconda.org/conda-forge/noarch/font-ttf-source-code-pro-2.038-h77eed37_0.tar.bz2#4d59c254e01d9cde7957100457e2d5fb
https://conda.anaconda.org/conda-forge/noarch/font-ttf-ubuntu-0.83-h77eed37_3.conda#49023d73832ef61042f6a237cb2687e7
https://conda.anaconda.org/conda-forge/noarch/kernel-headers_linux-64-5.14.0-he073ed8_2.conda#0dedbff35a50868200993a2ccf051390
https://conda.anaconda.org/conda-forge/linux-64/ld_impl_linux-64-2.44-h1423503_1.conda#0be7c6e070c19105f966d3758448d018
https://conda.anaconda.org/conda-forge/noarch/libgcc-devel_linux-64-15.1.0-h4c094af_104.conda#05eec361e8eca1ad47bad0f8b97a9d67
https://conda.anaconda.org/conda-forge/linux-64/libgomp-15.1.0-h767d61c_4.conda#3baf8976c96134738bba224e9ef6b1e5
https://conda.anaconda.org/conda-forge/noarch/libstdcxx-devel_linux-64-15.1.0-h4c094af_104.conda#608049d7d920f3c559197d4c5445d243
https://conda.anaconda.org/conda-forge/noarch/tzdata-2025b-h78e105d_0.conda#4222072737ccff51314b5ece9c7d6f5a
https://conda.anaconda.org/conda-forge/linux-64/_openmp_mutex-4.5-2_gnu.tar.bz2#73aaf86a425cc6e73fcf236a5a46396d
https://conda.anaconda.org/conda-forge/noarch/fonts-conda-forge-1-0.tar.bz2#f766549260d6815b0c52253f1fb1bb29
https://conda.anaconda.org/conda-forge/noarch/sysroot_linux-64-2.34-h087de78_2.conda#79592e1be84fccb8a117d9e7b9d01753
https://conda.anaconda.org/conda-forge/linux-64/binutils_impl_linux-64-2.44-h4bf12b8_1.conda#e45cfedc8ca5630e02c106ea36d2c5c6
https://conda.anaconda.org/conda-forge/noarch/fonts-conda-ecosystem-1-0.tar.bz2#fee5683a3f04bd15cbd8318b096a27ab
https://conda.anaconda.org/conda-forge/linux-64/libgcc-15.1.0-h767d61c_4.conda#f406dcbb2e7bef90d793e50e79a2882b
https://conda.anaconda.org/conda-forge/linux-64/c-ares-1.34.5-hb9d3cd8_0.conda#f7f0d6cc2dc986d42ac2689ec88192be
https://conda.anaconda.org/conda-forge/linux-64/keyutils-1.6.3-hb9d3cd8_0.conda#b38117a3c920364aff79f870c984b4a3
https://conda.anaconda.org/conda-forge/linux-64/libdeflate-1.24-h86f0d12_0.conda#64f0c503da58ec25ebd359e4d990afa8
https://conda.anaconda.org/conda-forge/linux-64/libexpat-2.7.1-hecca717_0.conda#4211416ecba1866fab0c6470986c22d6
https://conda.anaconda.org/conda-forge/linux-64/libffi-3.4.6-h2dba641_1.conda#ede4673863426c0883c0063d853bbd85
https://conda.anaconda.org/conda-forge/linux-64/libgcc-ng-15.1.0-h69a702a_4.conda#28771437ffcd9f3417c66012dc49a3be
https://conda.anaconda.org/conda-forge/linux-64/libgfortran5-15.1.0-hcea5267_4.conda#8a4ab7ff06e4db0be22485332666da0f
https://conda.anaconda.org/conda-forge/linux-64/libiconv-1.18-h3b78370_2.conda#915f5995e94f60e9a4826e0b0920ee88
https://conda.anaconda.org/conda-forge/linux-64/libjpeg-turbo-3.1.0-hb9d3cd8_0.conda#9fa334557db9f63da6c9285fd2a48638
https://conda.anaconda.org/conda-forge/linux-64/liblzma-5.8.1-hb9d3cd8_2.conda#1a580f7796c7bf6393fddb8bbbde58dc
https://conda.anaconda.org/conda-forge/linux-64/libstdcxx-15.1.0-h8f9b012_4.conda#3c376af8888c386b9d3d1c2701e2f3ab
https://conda.anaconda.org/conda-forge/linux-64/libuv-1.51.0-hb03c661_1.conda#0f03292cc56bf91a077a134ea8747118
https://conda.anaconda.org/conda-forge/linux-64/libwebp-base-1.6.0-hd42ef1d_0.conda#aea31d2e5b1091feca96fcfe945c3cf9
https://conda.anaconda.org/conda-forge/linux-64/libzlib-1.3.1-hb9d3cd8_2.conda#edb0dca6bc32e4f4789199455a1dbeb8
https://conda.anaconda.org/conda-forge/linux-64/make-4.4.1-hb9d3cd8_2.conda#33405d2a66b1411db9f7242c8b97c9e7
https://conda.anaconda.org/conda-forge/linux-64/ncurses-6.5-h2d0b736_3.conda#47e340acb35de30501a76c7c799c41d7
https://conda.anaconda.org/conda-forge/linux-64/openssl-3.5.2-h26f9b46_0.conda#ffffb341206dd0dab0c36053c048d621
https://conda.anaconda.org/conda-forge/linux-64/pthread-stubs-0.4-hb9d3cd8_1002.conda#b3c17d95b5a10c6e64a21fa17573e70e
https://conda.anaconda.org/conda-forge/linux-64/sed-4.9-h6688a6e_0.conda#171afc5f7ca0408bbccbcb69ade85f92
https://conda.anaconda.org/conda-forge/linux-64/xorg-libice-1.1.2-hb9d3cd8_0.conda#fb901ff28063514abb6046c9ec2c4a45
https://conda.anaconda.org/conda-forge/linux-64/xorg-libxau-1.0.12-hb9d3cd8_0.conda#f6ebe2cb3f82ba6c057dde5d9debe4f7
https://conda.anaconda.org/conda-forge/linux-64/xorg-libxdmcp-1.1.5-hb9d3cd8_0.conda#8035c64cb77ed555e3f150b7b3972480
https://conda.anaconda.org/conda-forge/linux-64/bzip2-1.0.8-h4bc722e_7.conda#62ee74e96c5ebb0af99386de58cf9553
https://conda.anaconda.org/conda-forge/linux-64/fribidi-1.0.10-h36c2ea0_0.tar.bz2#ac7bc6a654f8f41b352b38f4051135f8
https://conda.anaconda.org/conda-forge/linux-64/graphite2-1.3.14-hecca717_2.conda#2cd94587f3a401ae05e03a6caf09539d
https://conda.anaconda.org/conda-forge/linux-64/lerc-4.0.0-h0aef613_1.conda#9344155d33912347b37f0ae6c410a835
https://conda.anaconda.org/conda-forge/linux-64/libedit-3.1.20250104-pl5321h7949ede_0.conda#c277e0a4d549b03ac1e9d6cbbe3d017b
https://conda.anaconda.org/conda-forge/linux-64/libev-4.33-hd590300_2.conda#172bf1cd1ff8629f2b1179945ed45055
https://conda.anaconda.org/conda-forge/linux-64/libgfortran-15.1.0-h69a702a_4.conda#53e876bc2d2648319e94c33c57b9ec74
https://conda.anaconda.org/conda-forge/linux-64/libpng-1.6.50-h421ea60_1.conda#7af8e91b0deb5f8e25d1a595dea79614
https://conda.anaconda.org/conda-forge/linux-64/libsanitizer-15.1.0-h97b714f_4.conda#9577e03ec70b7986ab78a3f057af0df8
https://conda.anaconda.org/conda-forge/linux-64/libssh2-1.11.1-hcf80075_0.conda#eecce068c7e4eddeb169591baac20ac4
https://conda.anaconda.org/conda-forge/linux-64/libstdcxx-ng-15.1.0-h4852527_4.conda#2d34729cbc1da0ec988e57b13b712067
https://conda.anaconda.org/conda-forge/linux-64/libuuid-2.38.1-h0b41bf4_0.conda#40b61aab5c7ba9ff276c41cfffe6b80b
https://conda.anaconda.org/conda-forge/linux-64/libxcb-1.17.0-h8a09558_0.conda#92ed62436b625154323d40d5f2f11dd7
https://conda.anaconda.org/conda-forge/linux-64/pandoc-2.19.2-h32600fe_2.conda#326f46f36d15c44cff5f81d505cb717f
https://conda.anaconda.org/conda-forge/linux-64/pixman-0.46.4-h54a6638_1.conda#c01af13bdc553d1a8fbfff6e8db075f0
https://conda.anaconda.org/conda-forge/linux-64/readline-8.2-h8c095d6_2.conda#283b96675859b20a825f8fa30f311446
https://conda.anaconda.org/conda-forge/linux-64/tk-8.6.13-noxft_hd72426e_102.conda#a0116df4f4ed05c303811a837d5b39d8
https://conda.anaconda.org/conda-forge/linux-64/zstd-1.5.7-hb8e6e7a_2.conda#6432cb5d4ac0046c3ac0a8a0f95842f9
https://conda.anaconda.org/conda-forge/linux-64/bwidget-1.10.1-ha770c72_1.conda#983b92277d78c0d0ec498e460caa0e6d
https://conda.anaconda.org/conda-forge/linux-64/gcc_impl_linux-64-15.1.0-h4393ad2_4.conda#bd50f28da1e011caf83ebfe967dbcc94
https://conda.anaconda.org/conda-forge/linux-64/icu-75.1-he02047a_0.conda#8b189310083baabfb622af68fd9d3ae3
https://conda.anaconda.org/conda-forge/linux-64/krb5-1.21.3-h659f571_0.conda#3f43953b7d3fb3aaa1d0d0723d91e368
https://conda.anaconda.org/conda-forge/linux-64/libfreetype6-2.13.3-h48d6fc4_1.conda#3c255be50a506c50765a93a6644f32fe
https://conda.anaconda.org/conda-forge/linux-64/libgfortran-ng-15.1.0-h69a702a_4.conda#b1a97c0f2c4f1bb2b8872a21fc7e17a7
https://conda.anaconda.org/conda-forge/linux-64/libnghttp2-1.64.0-h161d5f1_0.conda#19e57602824042dfd0446292ef90488b
https://conda.anaconda.org/conda-forge/linux-64/libopenblas-0.3.30-pthreads_h94d23a6_2.conda#dfc5aae7b043d9f56ba99514d5e60625
https://conda.anaconda.org/conda-forge/linux-64/libtiff-4.7.0-h8261f1e_6.conda#b6093922931b535a7ba566b6f384fbe6
https://conda.anaconda.org/conda-forge/linux-64/pcre2-10.45-hc749103_0.conda#b90bece58b4c2bf25969b70f3be42d25
https://conda.anaconda.org/conda-forge/linux-64/tktable-2.10-h8d826fa_7.conda#3ac51142c19ba95ae0fadefa333c9afb
https://conda.anaconda.org/conda-forge/linux-64/xorg-libsm-1.2.6-he73a12e_0.conda#1c74ff8c35dcadf952a16f752ca5aa49
https://conda.anaconda.org/conda-forge/linux-64/xorg-libx11-1.8.12-h4f16b4b_0.conda#db038ce880f100acc74dba10302b5630
https://conda.anaconda.org/conda-forge/linux-64/gfortran_impl_linux-64-15.1.0-h3b9cdf2_4.conda#82f37031ba4df0e97a222646ddcfd673
https://conda.anaconda.org/conda-forge/linux-64/gxx_impl_linux-64-15.1.0-h6a1bac1_4.conda#f880f89a51a8f93ecdc3b82c4627dc99
https://conda.anaconda.org/conda-forge/linux-64/libblas-3.9.0-34_h59b9bed_openblas.conda#064c22bac20fecf2a99838f9b979374c
https://conda.anaconda.org/conda-forge/linux-64/libcurl-8.14.1-h332b0f4_0.conda#45f6713cb00f124af300342512219182
https://conda.anaconda.org/conda-forge/linux-64/libfreetype-2.13.3-ha770c72_1.conda#51f5be229d83ecd401fb369ab96ae669
https://conda.anaconda.org/conda-forge/linux-64/libgit2-1.9.1-h014eb84_0.conda#7a3939f2490eb43bfdb9aad19db02e8a
https://conda.anaconda.org/conda-forge/linux-64/libglib-2.84.3-hf39c6af_0.conda#467f23819b1ea2b89c3fc94d65082301
https://conda.anaconda.org/conda-forge/linux-64/xorg-libxext-1.3.6-hb9d3cd8_0.conda#febbab7d15033c913d53c7a2c102309d
https://conda.anaconda.org/conda-forge/linux-64/xorg-libxrender-0.9.12-hb9d3cd8_0.conda#96d57aba173e878a2089d5638016dc5e
https://conda.anaconda.org/conda-forge/linux-64/xorg-libxt-1.3.1-hb9d3cd8_0.conda#279b0de5f6ba95457190a1c459a64e31
https://conda.anaconda.org/conda-forge/linux-64/curl-8.14.1-h332b0f4_0.conda#60279087a10b4ab59a70daa838894e4b
https://conda.anaconda.org/conda-forge/linux-64/freetype-2.13.3-ha770c72_1.conda#9ccd736d31e0c6e41f54e704e5312811
https://conda.anaconda.org/conda-forge/linux-64/libcblas-3.9.0-34_he106b2a_openblas.conda#148b531b5457ad666ed76ceb4c766505
https://conda.anaconda.org/conda-forge/linux-64/liblapack-3.9.0-34_h7ac8fdf_openblas.conda#f05a31377b4d9a8d8740f47d1e70b70e
https://conda.anaconda.org/conda-forge/linux-64/fontconfig-2.15.0-h7e30c49_1.conda#8f5b0b297b59e1ac160ad4beec99dbee
https://conda.anaconda.org/conda-forge/linux-64/gsl-2.7-he838d99_0.tar.bz2#fec079ba39c9cca093bf4c00001825de
https://conda.anaconda.org/conda-forge/linux-64/cairo-1.18.4-h3394656_0.conda#09262e66b19567aff4f592fb53b28760
https://conda.anaconda.org/conda-forge/linux-64/harfbuzz-11.4.2-h15599e2_0.conda#63eb5b7e4230dfa0ee37b8fe26bc4dbd
https://conda.anaconda.org/conda-forge/linux-64/pango-1.56.4-hadf4263_0.conda#79f71230c069a287efe3a8614069ddf1
https://conda.anaconda.org/conda-forge/linux-64/r-base-4.4.3-h85845a0_2.conda#d1573e5f701f21560e1fc6b206f0dc55
https://conda.anaconda.org/conda-forge/noarch/r-assertthat-0.2.1-r44hc72bb7e_5.conda#9e9eee147ae329aaf3ec1cd3a1a7027c
https://conda.anaconda.org/conda-forge/linux-64/r-base64enc-0.1_3-r44hb1dbf0f_1007.conda#809432dfabb1e5c4cb3f2086cd6571a8
https://conda.anaconda.org/conda-forge/linux-64/r-brio-1.1.5-r44hb1dbf0f_1.conda#475669e54e33c295733770d910524387
https://conda.anaconda.org/conda-forge/linux-64/r-cli-3.6.5-r44h93ab643_0.conda#f1c2722622bb979e389c132212de9220
https://conda.anaconda.org/conda-forge/noarch/r-clipr-0.8.0-r44hc72bb7e_3.conda#a1361a4e31db3a567f1f4792281f66a6
https://conda.anaconda.org/conda-forge/noarch/r-codetools-0.2_20-r44hc72bb7e_1.conda#2cde7285a140cc0fa3ea365da8013710
https://conda.anaconda.org/conda-forge/linux-64/r-commonmark-2.0.0-r44h2b5f3a1_0.conda#0eb64699e9d03525c24220c27194e618
https://conda.anaconda.org/conda-forge/noarch/r-crayon-1.5.3-r44hc72bb7e_1.conda#89626d77a94256b8304bb8fc33d3364c
https://conda.anaconda.org/conda-forge/linux-64/r-curl-7.0.0-r44h10955f1_0.conda#7f9ea9206c1eba58b56cdb49894c1a10
https://conda.anaconda.org/conda-forge/linux-64/r-digest-0.6.37-r44h0d4f4ea_0.conda#a02d79cfe9ed0e17ca2984fad70121ff
https://conda.anaconda.org/conda-forge/noarch/r-evaluate-1.0.4-r44hc72bb7e_0.conda#99eed0419d388a6bfc5738dd33fb2d95
https://conda.anaconda.org/conda-forge/linux-64/r-fansi-1.0.6-r44hb1dbf0f_1.conda#c4c0d4b82b54899c61c6f3e09b1bcc5c
https://conda.anaconda.org/conda-forge/linux-64/r-fastmap-1.2.0-r44ha18555a_1.conda#314840b54bb3397ea0dd118bab7bcb1e
https://conda.anaconda.org/conda-forge/linux-64/r-fs-1.6.6-r44h93ab643_0.conda#700ab60efaf69470c62ff00c91a15f25
https://conda.anaconda.org/conda-forge/linux-64/r-git2r-0.35.0-r44h4505f3e_0.conda#286500b4252c5db85d956d90bc0f9535
https://conda.anaconda.org/conda-forge/linux-64/r-glue-1.8.0-r44h2b5f3a1_0.conda#990ecdd6246dfcce8cea4eb5a97ca735
https://conda.anaconda.org/conda-forge/linux-64/r-jsonlite-2.0.0-r44h2b5f3a1_0.conda#741243137a52f978739eff83126dc2bb
https://conda.anaconda.org/conda-forge/linux-64/r-lattice-0.22_7-r44h2b5f3a1_0.conda#3d5d499e979c3e2e8314e5af04653ece
https://conda.anaconda.org/conda-forge/linux-64/r-magrittr-2.0.3-r44hb1dbf0f_3.conda#a53562b6400cbbf0323fb97881ba61b3
https://conda.anaconda.org/conda-forge/linux-64/r-mime-0.13-r44h2b5f3a1_0.conda#58856b0f45ffe6477a5a92cc2fc0843c
https://conda.anaconda.org/conda-forge/noarch/r-pkgconfig-2.0.3-r44hc72bb7e_4.conda#17d36e686fb918637ca43fc4c036549e
https://conda.anaconda.org/conda-forge/linux-64/r-png-0.1_8-r44h21f035c_2.conda#7726f2ccf765e2e70168df48920084d1
https://conda.anaconda.org/conda-forge/noarch/r-praise-1.0.0-r44hc72bb7e_1008.conda#18100d05de731eac388aeae0025f5cbc
https://conda.anaconda.org/conda-forge/linux-64/r-ps-1.9.1-r44h2b5f3a1_0.conda#ad2d8404d6ef6f268677445270965103
https://conda.anaconda.org/conda-forge/noarch/r-r6-2.6.1-r44hc72bb7e_0.conda#08d1985cbe6bd96a818e127de51f9905
https://conda.anaconda.org/conda-forge/linux-64/r-rappdirs-0.3.3-r44hb1dbf0f_3.conda#91e4bf38b98bbb03e6babe4537b840b7
https://conda.anaconda.org/conda-forge/linux-64/r-rcpp-1.1.0-r44h93ab643_0.conda#fb25ec2b9432aafb7f6fcfdb23063e0a
https://conda.anaconda.org/conda-forge/linux-64/r-rlang-1.1.6-r44h93ab643_0.conda#b154e08c49d92f0f59b9236f189a8264
https://conda.anaconda.org/conda-forge/noarch/r-rprojroot-2.1.0-r44hc72bb7e_0.conda#fabb8a20fd1ff0c3af5d2d76cfe1a807
https://conda.anaconda.org/conda-forge/noarch/r-rstudioapi-0.17.1-r44hc72bb7e_0.conda#8e27f475cc9f88f8f6a99f3ee1cadf9e
https://conda.anaconda.org/conda-forge/linux-64/r-sourcetools-0.1.7_1-r44ha18555a_2.conda#c65edf4c8785fb1799a96c4299b39cd5
https://conda.anaconda.org/conda-forge/linux-64/r-stringi-1.8.7-r44h3c328a7_0.conda#f040df1163b8069796dafbf17ccf5990
https://conda.anaconda.org/conda-forge/linux-64/r-sys-3.4.3-r44h2b5f3a1_0.conda#7771befc8f294d762f12a48dffa1650a
https://conda.anaconda.org/conda-forge/linux-64/r-utf8-1.2.6-r44h2b5f3a1_0.conda#e463d3779b87ad5615816f1c3cde1135
https://conda.anaconda.org/conda-forge/noarch/r-whisker-0.4.1-r44hc72bb7e_2.conda#fa500b29e7441b02ee19a6ad9cc4208f
https://conda.anaconda.org/conda-forge/noarch/r-withr-3.0.2-r44hc72bb7e_0.conda#7c7e6e8f6fc8d0fd3baf24e8a5ed8ff5
https://conda.anaconda.org/conda-forge/linux-64/r-xfun-0.53-r44h3697838_0.conda#cfb247e205cfc53034d0d5d3ee22c893
https://conda.anaconda.org/conda-forge/noarch/r-xtable-1.8_4-r44hc72bb7e_6.conda#9a3f34a6260077152685fecdf6d0befa
https://conda.anaconda.org/conda-forge/linux-64/r-yaml-2.3.10-r44hdb488b9_0.conda#c97f78686bc0b72457d386c2375b89ce
https://conda.anaconda.org/conda-forge/linux-64/r-askpass-1.2.1-r44h2b5f3a1_0.conda#6e2597e8d6c7e8c2d7dec6d50103d958
https://conda.anaconda.org/conda-forge/linux-64/r-cachem-1.1.0-r44hb1dbf0f_1.conda#a8ac6cdc444baf323c90c47789f62387
https://conda.anaconda.org/conda-forge/noarch/r-desc-1.4.3-r44hc72bb7e_1.conda#dbbffaa90be91b868a954690f987a5ea
https://conda.anaconda.org/conda-forge/linux-64/r-diffobj-0.3.6-r44h2b5f3a1_0.conda#77e6ed30b73f9717e4699b988c6e76f8
https://conda.anaconda.org/conda-forge/linux-64/r-ellipsis-0.3.2-r44hb1dbf0f_3.conda#a96cb6b4b61efd45ffe47019af5eb879
https://conda.anaconda.org/conda-forge/linux-64/r-getpass-0.2_4-r44hdb488b9_1.conda#8e1fdf2da6fe1edcf562b7e1f40a4c6c
https://conda.anaconda.org/conda-forge/noarch/r-here-1.0.1-r44hc72bb7e_3.conda#8967b2f7b7c4ac47d0e8706841817338
https://conda.anaconda.org/conda-forge/noarch/r-highr-0.11-r44hc72bb7e_1.conda#6513f8e9954403cf1f0a2414ea308801
https://conda.anaconda.org/conda-forge/linux-64/r-later-1.4.3-r44h3697838_0.conda#17e7bd9526401009bd3e650349c00d59
https://conda.anaconda.org/conda-forge/noarch/r-lifecycle-1.0.4-r44hc72bb7e_1.conda#66d0ba7c05d0abfa11d126ba8e2907aa
https://conda.anaconda.org/conda-forge/linux-64/r-matrix-1.7_3-r44h2ae2be5_0.conda#fa1dc20d218f54382b6f00b8a8276be4
https://conda.anaconda.org/conda-forge/noarch/r-prettyunits-1.2.0-r44hc72bb7e_1.conda#9e8e45220a8e13eb137c2ff752b7b941
https://conda.anaconda.org/conda-forge/linux-64/r-processx-3.8.6-r44h2b5f3a1_0.conda#d4a1b3cc691157d232235c1b33e7b1e9
https://conda.anaconda.org/conda-forge/linux-64/r-rcpptoml-0.2.3-r44h93ab643_0.conda#7ffa921b20e3710063132e4c92046442
https://conda.anaconda.org/conda-forge/noarch/r-sessioninfo-1.2.3-r44hc72bb7e_0.conda#528015730ff49e3555aef47cad428632
https://conda.anaconda.org/conda-forge/noarch/r-tinytex-0.57-r44hc72bb7e_0.conda#b78a6816218eeb70125e3f41362a0c73
https://conda.anaconda.org/conda-forge/noarch/r-callr-3.7.6-r44hc72bb7e_1.conda#f0f382bade070ac331795b7af7f103ce
https://conda.anaconda.org/conda-forge/linux-64/r-htmltools-0.5.8.1-r44ha18555a_1.conda#7aa2679beac58c3ce2d071baabd55e09
https://conda.anaconda.org/conda-forge/noarch/r-knitr-1.50-r44hc72bb7e_0.conda#8283917ebf80191ab515f28dc79af1cd
https://conda.anaconda.org/conda-forge/noarch/r-memoise-2.0.1-r44hc72bb7e_3.conda#3b5d996b00a781c3a08a05687ce55075
https://conda.anaconda.org/conda-forge/linux-64/r-openssl-2.3.3-r44he8289e2_0.conda#216e57ec49b5079a1a5387f1482cad0f
https://conda.anaconda.org/conda-forge/linux-64/r-promises-1.3.3-r44h3697838_0.conda#334b8af0d5543441dd2ccfca2ba66c6c
https://conda.anaconda.org/conda-forge/linux-64/r-reticulate-1.43.0-r44h3697838_0.conda#dce871781dc7a2470a394edfd9ff7c6b
https://conda.anaconda.org/conda-forge/linux-64/r-vctrs-0.6.5-r44h0d4f4ea_1.conda#399bc7872bdb40b5531d887858253e76
https://conda.anaconda.org/conda-forge/noarch/r-fontawesome-0.5.3-r44hc72bb7e_0.conda#499534dec55ac7601189aae9da6af7bb
https://conda.anaconda.org/conda-forge/linux-64/r-httpuv-1.6.16-r44h6d565e7_0.conda#03238313a9e30e04f7ee2e97c925577c
https://conda.anaconda.org/conda-forge/noarch/r-httr-1.4.7-r44hc72bb7e_1.conda#9dd48155c67d87a2adc68ddb7c3ab508
https://conda.anaconda.org/conda-forge/noarch/r-jquerylib-0.1.4-r44hc72bb7e_3.conda#05b3ceb1b32c28589d267a0f9824faf7
https://conda.anaconda.org/conda-forge/noarch/r-pillar-1.11.0-r44hc72bb7e_0.conda#6fc3eef9e2b83886004b85758b33d61c
https://conda.anaconda.org/conda-forge/noarch/r-pkgbuild-1.4.8-r44hc72bb7e_0.conda#4a33e52709a0d8c1fb4fc6290488cb88
https://conda.anaconda.org/conda-forge/linux-64/r-sass-0.4.10-r44h93ab643_0.conda#e59b4e17905fde21fbe2dc5682b0e37c
https://conda.anaconda.org/conda-forge/noarch/r-stringr-1.5.1-r44h785f33e_1.conda#f1fdeed70529cb6e74277d758b5304fd
https://conda.anaconda.org/conda-forge/noarch/r-bslib-0.9.0-r44hc72bb7e_0.conda#7b21e7e9b06078e5005b68d45989df23
https://conda.anaconda.org/conda-forge/noarch/r-pkgload-1.4.0-r44hc72bb7e_0.conda#da841db7a6a1f85e30be7e6da3633a7f
https://conda.anaconda.org/conda-forge/linux-64/r-tibble-3.3.0-r44h2b5f3a1_0.conda#e61406c01509e1a942d9b01de165b454
https://conda.anaconda.org/conda-forge/noarch/r-rematch2-2.1.2-r44hc72bb7e_4.conda#d45c62f578edc546383f48b1e353fcf9
https://conda.anaconda.org/conda-forge/noarch/r-rmarkdown-2.29-r44hc72bb7e_0.conda#de2725e261bef19a1df61f63f2543926
https://conda.anaconda.org/conda-forge/noarch/r-shiny-1.11.1-r44h785f33e_0.conda#3fbef95d10d79c82cb2333d335a13d0d
https://conda.anaconda.org/conda-forge/noarch/r-miniui-0.1.2-r44hc72bb7e_0.conda#f9fef7ba72eaa567a56da2b211c74f37
https://conda.anaconda.org/conda-forge/noarch/r-waldo-0.6.2-r44hc72bb7e_0.conda#dc111b94f53ebe7cf4e45bdeee624412
https://conda.anaconda.org/conda-forge/linux-64/r-testthat-3.2.3-r44h3697838_1.conda#59d4a0007988cb98e7861f1eb74f379f
