# This file may be used to create an environment using:
# $ conda create --name <env> --file <this file>
# platform: osx-64
# created-by: conda 25.7.0
@EXPLICIT
https://conda.anaconda.org/conda-forge/noarch/_r-mutex-1.0.1-anacondar_1.tar.bz2#19f9db5f4f1b7f5ef5f6d67207f25f38
https://conda.anaconda.org/conda-forge/osx-64/bzip2-1.0.8-h500dc9f_8.conda#97c4b3bd8a90722104798175a1bdddbf
https://conda.anaconda.org/conda-forge/osx-64/c-ares-1.34.6-hb5e19a0_0.conda#fc9a153c57c9f070bebaa7eef30a8f17
https://conda.anaconda.org/conda-forge/noarch/ca-certificates-2025.11.12-hbd8a1cb_0.conda#f0991f0f84902f6b6009b4d2350a83aa
https://conda.anaconda.org/conda-forge/noarch/compiler-rt21_osx-64-21.1.7-he0f92a2_0.conda#be5ec8c7ea2d3fcbec6cb59743711ed1
https://conda.anaconda.org/conda-forge/noarch/font-ttf-dejavu-sans-mono-2.37-hab24e00_0.tar.bz2#0c96522c6bdaed4b1566d11387caaf45
https://conda.anaconda.org/conda-forge/noarch/font-ttf-inconsolata-3.000-h77eed37_0.tar.bz2#34893075a5c9e55cdafac56607368fc6
https://conda.anaconda.org/conda-forge/noarch/font-ttf-source-code-pro-2.038-h77eed37_0.tar.bz2#4d59c254e01d9cde7957100457e2d5fb
https://conda.anaconda.org/conda-forge/noarch/font-ttf-ubuntu-0.83-h77eed37_3.conda#49023d73832ef61042f6a237cb2687e7
https://conda.anaconda.org/conda-forge/osx-64/fribidi-1.0.16-h8616949_0.conda#4422491d30462506b9f2d554ab55e33d
https://conda.anaconda.org/conda-forge/osx-64/icu-75.1-h120a0e1_0.conda#d68d48a3060eb5abdc1cdc8e2a3a5966
https://conda.anaconda.org/conda-forge/osx-64/libcxx-21.1.8-h3d58e20_0.conda#9f8a60a77ecafb7966ca961c94f33bd1
https://conda.anaconda.org/conda-forge/noarch/libcxx-headers-21.1.8-h707e725_0.conda#a0091a039dffee1e4f4e7fc13d8e506c
https://conda.anaconda.org/conda-forge/osx-64/libdeflate-1.25-h517ebb2_0.conda#31aa65919a729dc48180893f62c25221
https://conda.anaconda.org/conda-forge/osx-64/libev-4.33-h10d778d_2.conda#899db79329439820b7e8f8de41bca902
https://conda.anaconda.org/conda-forge/osx-64/libexpat-2.7.3-heffb93a_0.conda#222e0732a1d0780a622926265bee14ef
https://conda.anaconda.org/conda-forge/osx-64/libffi-3.5.2-h750e83c_0.conda#d214916b24c625bcc459b245d509f22e
https://conda.anaconda.org/conda-forge/noarch/libgfortran-devel_osx-64-14.3.0-h660b60f_1.conda#731190552d91ade042ddf897cfb361aa
https://conda.anaconda.org/conda-forge/osx-64/libiconv-1.18-h57a12c2_2.conda#210a85a1119f97ea7887188d176db135
https://conda.anaconda.org/conda-forge/osx-64/libjpeg-turbo-3.1.2-h8616949_0.conda#48dda187f169f5a8f1e5e07701d5cdd9
https://conda.anaconda.org/conda-forge/osx-64/liblzma-5.8.1-hd471939_2.conda#8468beea04b9065b9807fc8b9cdc5894
https://conda.anaconda.org/conda-forge/osx-64/libuv-1.51.0-h58003a5_1.conda#fbfc6cf607ae1e1e498734e256561dc3
https://conda.anaconda.org/conda-forge/osx-64/libwebp-base-1.6.0-hb807250_0.conda#7bb6608cf1f83578587297a158a6630b
https://conda.anaconda.org/conda-forge/osx-64/libzlib-1.3.1-hd23fc13_2.conda#003a54a4e32b02f7355b50a837e699da
https://conda.anaconda.org/conda-forge/osx-64/llvm-openmp-21.1.8-h472b3d1_0.conda#e2d811e9f464dd67398b4ce1f9c7c872
https://conda.anaconda.org/conda-forge/osx-64/make-4.4.1-h00291cd_2.conda#59b4ad97bbb36ef5315500d5bde4bcfc
https://conda.anaconda.org/conda-forge/osx-64/ncurses-6.5-h0622a9a_3.conda#ced34dd9929f491ca6dab6a2927aff25
https://conda.anaconda.org/conda-forge/osx-64/pandoc-2.19.2-h694c41f_2.conda#de3014568ff5004048dd09ba73990430
https://conda.anaconda.org/conda-forge/noarch/sdkroot_env_osx-64-14.5-hbf94ba6_4.conda#bfc192e9093bd93e38185351be812157
https://conda.anaconda.org/conda-forge/noarch/tzdata-2025c-hc9c84f9_1.conda#ad659d0a2b3e47e38d829aa8cad2d610
https://conda.anaconda.org/conda-forge/osx-64/_openmp_mutex-4.5-7_kmp_llvm.conda#eaac87c21aff3ed21ad9656697bb8326
https://conda.anaconda.org/conda-forge/osx-64/compiler-rt21-21.1.7-he914875_0.conda#a534bda29d938ef9ed3693144891fc3b
https://conda.anaconda.org/conda-forge/noarch/fonts-conda-forge-1-hc364b38_1.conda#a7970cd949a077b7cb9696379d338681
https://conda.anaconda.org/conda-forge/osx-64/gmp-6.3.0-hf036a51_2.conda#427101d13f19c4974552a4e5b072eef1
https://conda.anaconda.org/conda-forge/osx-64/graphite2-1.3.14-h21dd04a_2.conda#ba63822087afc37e01bf44edcc2479f3
https://conda.anaconda.org/conda-forge/osx-64/isl-0.26-imath32_h2e86a7b_101.conda#d06222822a9144918333346f145b68c6
https://conda.anaconda.org/conda-forge/osx-64/lerc-4.0.0-hcca01a6_1.conda#21f765ced1a0ef4070df53cb425e1967
https://conda.anaconda.org/conda-forge/osx-64/libasprintf-0.25.1-h3184127_1.conda#37398594a1ede86a90c0afac95e1ffea
https://conda.anaconda.org/conda-forge/osx-64/libcxx-devel-21.1.8-h7c275be_0.conda#ce64822befb2d8719d2381efc74aa717
https://conda.anaconda.org/conda-forge/osx-64/libedit-3.1.20250104-pl5321ha958ccf_0.conda#1f4ed31220402fcddc083b4bff406868
https://conda.anaconda.org/conda-forge/osx-64/libintl-0.25.1-h3184127_1.conda#a8e54eefc65645193c46e8b180f62d22
https://conda.anaconda.org/conda-forge/osx-64/libpng-1.6.53-h380d223_0.conda#0cdbbd56f660997cfe5d33e516afac2f
https://conda.anaconda.org/conda-forge/osx-64/libxml2-16-2.15.1-ha1d9b0f_0.conda#453807a4b94005e7148f89f9327eb1b7
https://conda.anaconda.org/conda-forge/osx-64/openssl-3.6.0-h230baf5_0.conda#3f50cdf9a97d0280655758b735781096
https://conda.anaconda.org/conda-forge/osx-64/pcre2-10.47-h13923f0_0.conda#08f970fb2b75f5be27678e077ebedd46
https://conda.anaconda.org/conda-forge/osx-64/pixman-0.46.4-ha059160_1.conda#742a8552e51029585a32b6024e9f57b4
https://conda.anaconda.org/conda-forge/osx-64/readline-8.3-h68b038d_0.conda#eefd65452dfe7cce476a519bece46704
https://conda.anaconda.org/conda-forge/osx-64/tapi-1600.0.11.8-h8d8e812_0.conda#aae272355bc3f038e403130a5f6f5495
https://conda.anaconda.org/conda-forge/osx-64/tk-8.6.13-hf689a15_3.conda#bd9f1de651dbd80b51281c694827f78f
https://conda.anaconda.org/conda-forge/osx-64/zlib-1.3.1-hd23fc13_2.conda#c989e0295dcbdc08106fe5d9e935f0b9
https://conda.anaconda.org/conda-forge/osx-64/zstd-1.5.7-h3eecb57_6.conda#727109b184d680772e3122f40136d5ca
https://conda.anaconda.org/conda-forge/osx-64/bwidget-1.10.1-h694c41f_1.conda#42abba4764f9d776456ca566e07d8d3a
https://conda.anaconda.org/conda-forge/osx-64/compiler-rt-21.1.7-h694c41f_0.conda#a92d2129bbd82e698a021e0ecae9bf81
https://conda.anaconda.org/conda-forge/noarch/fonts-conda-ecosystem-1-0.tar.bz2#fee5683a3f04bd15cbd8318b096a27ab
https://conda.anaconda.org/conda-forge/osx-64/krb5-1.21.3-h37d8d59_0.conda#d4765c524b1d91567886bde656fb514b
https://conda.anaconda.org/conda-forge/osx-64/libfreetype6-2.14.1-h6912278_0.conda#dfbdc8fd781dc3111541e4234c19fdbd
https://conda.anaconda.org/conda-forge/osx-64/libgcc-15.2.0-h08519bb_15.conda#c816665789d1e47cdfd6da8a81e1af64
https://conda.anaconda.org/conda-forge/osx-64/libgettextpo-0.25.1-h3184127_1.conda#711bff88af3b00283f7d8f32aff82e6a
https://conda.anaconda.org/conda-forge/osx-64/libglib-2.86.3-hf241ffe_0.conda#584ce14b08050d3f1a25ab429b9360bc
https://conda.anaconda.org/conda-forge/osx-64/libnghttp2-1.67.0-h3338091_0.conda#e7630cef881b1174d40f3e69a883e55f
https://conda.anaconda.org/conda-forge/osx-64/libsigtool-0.1.3-hc0f2934_0.conda#3576aba85ce5e9ab15aa0ea376ab864b
https://conda.anaconda.org/conda-forge/osx-64/libssh2-1.11.1-hed3591d_0.conda#a6cb15db1c2dc4d3a5f6cf3772e09e81
https://conda.anaconda.org/conda-forge/osx-64/libtiff-4.7.1-ha0a348c_1.conda#9d4344f94de4ab1330cdc41c40152ea6
https://conda.anaconda.org/conda-forge/osx-64/libxml2-2.15.1-h7b7ecba_0.conda#e7ed73b34f9d43d80b7e80eba9bce9f3
https://conda.anaconda.org/conda-forge/osx-64/mpfr-4.2.1-haed47dc_3.conda#d511e58aaaabfc23136880d9956fa7a6
https://conda.anaconda.org/conda-forge/osx-64/tktable-2.10-h2c093e9_7.conda#6a16e39eaafcab4ab34c3f2af0966645
https://conda.anaconda.org/conda-forge/osx-64/libcurl-8.17.0-h7dd4100_1.conda#9ddfaeed0eafce233ae8f4a430816aa5
https://conda.anaconda.org/conda-forge/osx-64/libfreetype-2.14.1-h694c41f_0.conda#e0e2edaf5e0c71b843e25a7ecc451cc9
https://conda.anaconda.org/conda-forge/osx-64/libgfortran5-15.2.0-hd16e46c_15.conda#c2a6149bf7f82774a0118b9efef966dd
https://conda.anaconda.org/conda-forge/osx-64/libgit2-1.9.2-h2720a56_0.conda#abedb86b55dd00e4477137c33ce65f3f
https://conda.anaconda.org/conda-forge/osx-64/libllvm21-21.1.7-h56e7563_0.conda#eb0738ea663c4bb08f64550c53df9345
https://conda.anaconda.org/conda-forge/osx-64/mpc-1.3.1-h9d8efa1_1.conda#0520855aaae268ea413d6bc913f1384c
https://conda.anaconda.org/conda-forge/osx-64/sigtool-codesign-0.1.3-hc0f2934_0.conda#1261fc730f1d8af7eeea8a0024b23493
https://conda.anaconda.org/conda-forge/osx-64/curl-8.17.0-h7dd4100_1.conda#00c9afdfe7efc4e91252d1e92a5561ef
https://conda.anaconda.org/conda-forge/osx-64/freetype-2.14.1-h694c41f_0.conda#ca641fdf8b7803f4b7212b6d66375930
https://conda.anaconda.org/conda-forge/osx-64/libclang-cpp21.1-21.1.7-default_hc369343_1.conda#209d22430f34b7c781b8906c94df42ef
https://conda.anaconda.org/conda-forge/osx-64/libgfortran-15.2.0-h7e5c614_15.conda#a089323fefeeaba2ae60e1ccebf86ddc
https://conda.anaconda.org/conda-forge/osx-64/llvm-tools-21-21.1.7-h879f4bc_0.conda#47be44b45956df81b34e644eb29e97af
https://conda.anaconda.org/conda-forge/osx-64/sigtool-0.1.3-hc0f2934_0.conda#35241a0e86f03ddcff771a9a2070188d
https://conda.anaconda.org/conda-forge/osx-64/clang-21-21.1.7-default_h9f74b92_1.conda#044bf45ed594670021784e9385805ed7
https://conda.anaconda.org/conda-forge/osx-64/fontconfig-2.15.0-h37eeddb_1.conda#84ccec5ee37eb03dd352db0a3f89ada3
https://conda.anaconda.org/conda-forge/osx-64/ld64_osx-64-956.6-llvm21_1_h2cc85ee_1.conda#43e195354e70a809ecd75c5acef8b182
https://conda.anaconda.org/conda-forge/osx-64/libopenblas-0.3.30-openmp_h6006d49_4.conda#9241a65e6e9605e4581a2a8005d7f789
https://conda.anaconda.org/conda-forge/osx-64/llvm-tools-21.1.7-hb0207f0_0.conda#033ea4cb494bc9ca9e05e2dec3309b5a
https://conda.anaconda.org/conda-forge/osx-64/cairo-1.18.4-h950ec3b_0.conda#32403b4ef529a2018e4d8c4f2a719f16
https://conda.anaconda.org/conda-forge/osx-64/cctools_impl_osx-64-1030.6.3-llvm21_1_h81d60ea_1.conda#eb134d33fe4a09baf34db99cf6aa26f0
https://conda.anaconda.org/conda-forge/osx-64/ld64-956.6-llvm21_1_h2eed689_1.conda#f9a0023b37cacdd08f9dc52eb009fec8
https://conda.anaconda.org/conda-forge/osx-64/libblas-3.11.0-5_he492b99_openblas.conda#36d2e68a156692cbae776b75d6ca6eae
https://conda.anaconda.org/conda-forge/osx-64/cctools_osx-64-1030.6.3-llvm21_1_h8f0d4bb_1.conda#3401c9a8717e4580daaeaed95c3c7b49
https://conda.anaconda.org/conda-forge/osx-64/clang-21.1.7-default_h1323312_1.conda#5a3738e1c729197fcd83b5f94f0d6e15
https://conda.anaconda.org/conda-forge/osx-64/harfbuzz-12.2.0-hc5d3ef4_0.conda#05a72f9d35dddd5bf534d7da4929297c
https://conda.anaconda.org/conda-forge/osx-64/libcblas-3.11.0-5_h9b27e0a_openblas.conda#b31d771cbccff686e01a687708a7ca41
https://conda.anaconda.org/conda-forge/osx-64/liblapack-3.11.0-5_h859234e_openblas.conda#eb5b1c25d4ac30813a6ca950a58710d6
https://conda.anaconda.org/conda-forge/osx-64/clang_impl_osx-64-21.1.7-h850ca3a_28.conda#86e5cdd9eb7e4afca8abda57b1d92cde
https://conda.anaconda.org/conda-forge/osx-64/clangxx-21.1.7-default_h1c12a56_1.conda#24c21de1f790ae1d446ba17a7cad441e
https://conda.anaconda.org/conda-forge/osx-64/gfortran_impl_osx-64-14.3.0-h94fe04d_1.conda#1a81d1a0cb7f241144d9f10e55a66379
https://conda.anaconda.org/conda-forge/osx-64/gsl-2.7-h93259b0_0.tar.bz2#b4942b1ee2a52fd67f446074488d774d
https://conda.anaconda.org/conda-forge/osx-64/pango-1.56.4-h6ef8af8_0.conda#8c6316c058884ffda0af1f1272910f94
https://conda.anaconda.org/conda-forge/osx-64/clang_osx-64-21.1.7-h7e5c614_28.conda#76934450c4f06f9891d0704d66ce5066
https://conda.anaconda.org/conda-forge/osx-64/clangxx_impl_osx-64-21.1.7-hd9a3690_28.conda#58960a8c00c55cda717854d29631dd9c
https://conda.anaconda.org/conda-forge/osx-64/gfortran_osx-64-14.3.0-h3223c34_0.conda#979b3c36c57d31e1112fa1b1aec28e02
https://conda.anaconda.org/conda-forge/osx-64/clangxx_osx-64-21.1.7-h7e5c614_28.conda#82e3d4422c096bf98cfa6cadb02de7d8
https://conda.anaconda.org/conda-forge/osx-64/r-base-4.5.2-h07b34e9_3.conda#ac971e84f3be2d6829e8ab783f4950f3
https://conda.anaconda.org/conda-forge/noarch/r-assertthat-0.2.1-r45hc72bb7e_6.conda#b5291c60f52b43108a2973ba6f5885d1
https://conda.anaconda.org/conda-forge/osx-64/r-base64enc-0.1_3-r45h735ac91_1008.conda#0ec44f57c5256a255abae2040d6a32cb
https://conda.anaconda.org/conda-forge/osx-64/r-brio-1.1.5-r45h735ac91_2.conda#17a573991860d1c04e4b34a227e28553
https://conda.anaconda.org/conda-forge/osx-64/r-cli-3.6.5-r45ha730edb_1.conda#e3da58770864043bea9eff3c381103d0
https://conda.anaconda.org/conda-forge/noarch/r-clipr-0.8.0-r45hc72bb7e_4.conda#5deda37b255bc9dc837d00b89dbf2a21
https://conda.anaconda.org/conda-forge/noarch/r-codetools-0.2_20-r45hc72bb7e_2.conda#8e9e5b14f74a6040c77e0b9c8bfa84ca
https://conda.anaconda.org/conda-forge/osx-64/r-commonmark-2.0.0-r45h735ac91_1.conda#98ba170605e21fd97fc878e75aebed5c
https://conda.anaconda.org/conda-forge/noarch/r-crayon-1.5.3-r45hc72bb7e_2.conda#4f111ce078b9690abaad6248b831a370
https://conda.anaconda.org/conda-forge/osx-64/r-curl-7.0.0-r45h23bc03f_1.conda#d5256ca8632fe71a913bb84c592688a7
https://conda.anaconda.org/conda-forge/osx-64/r-digest-0.6.39-r45ha730edb_0.conda#3b08d7bea7b9a2ee67afb5756f7d1f1e
https://conda.anaconda.org/conda-forge/noarch/r-evaluate-1.0.5-r45hc72bb7e_1.conda#4e0c71ab78d7292372a89d4daecb49af
https://conda.anaconda.org/conda-forge/osx-64/r-fansi-1.0.7-r45h735ac91_0.conda#9111487dafc97b3c62cbf5e4935b264d
https://conda.anaconda.org/conda-forge/osx-64/r-fastmap-1.2.0-r45ha730edb_2.conda#32ef1bf264b16fc7590e41154e98b2cd
https://conda.anaconda.org/conda-forge/osx-64/r-fs-1.6.6-r45ha730edb_1.conda#bacb419978dee693d69f73c19e5f4592
https://conda.anaconda.org/conda-forge/osx-64/r-git2r-0.35.0-r45h8c074df_1.conda#1c120af0c38469c40540afdd687e8d74
https://conda.anaconda.org/conda-forge/osx-64/r-glue-1.8.0-r45h735ac91_1.conda#acb0174c512c05069f1451a3d06fcfcb
https://conda.anaconda.org/conda-forge/osx-64/r-jsonlite-2.0.0-r45h735ac91_1.conda#7e8b67b354cc466cc7e4e173da928059
https://conda.anaconda.org/conda-forge/osx-64/r-lattice-0.22_7-r45h735ac91_1.conda#7ba67d902e7895959ebeac3af666297a
https://conda.anaconda.org/conda-forge/osx-64/r-magrittr-2.0.4-r45h735ac91_0.conda#157a9220620952b52a08802c07a3afa3
https://conda.anaconda.org/conda-forge/osx-64/r-mime-0.13-r45h735ac91_1.conda#39017255466bad2f1c117e7cd75c9314
https://conda.anaconda.org/conda-forge/noarch/r-otel-0.2.0-r45hc72bb7e_1.conda#560abd550c097e0d0af2e201b335f53d
https://conda.anaconda.org/conda-forge/noarch/r-pkgconfig-2.0.3-r45hc72bb7e_5.conda#40a5fdd06c7e7880758a021cf2df6c12
https://conda.anaconda.org/conda-forge/osx-64/r-png-0.1_8-r45ha9c855e_3.conda#6a79b1bda3757c263ab4db8be2fe6b18
https://conda.anaconda.org/conda-forge/noarch/r-praise-1.0.0-r45hc72bb7e_1009.conda#d9f7dfa06871712aaf768674dea06a0b
https://conda.anaconda.org/conda-forge/osx-64/r-ps-1.9.1-r45h735ac91_1.conda#338515790858af508bd1a758d291ee3a
https://conda.anaconda.org/conda-forge/noarch/r-r6-2.6.1-r45hc72bb7e_1.conda#750802806d7d640c286ed8491bb395dc
https://conda.anaconda.org/conda-forge/osx-64/r-rappdirs-0.3.3-r45h735ac91_4.conda#2e5223da914a9e4435b62b270e691107
https://conda.anaconda.org/conda-forge/osx-64/r-rcpp-1.1.0-r45ha730edb_1.conda#ce6e40c579ae28060799c40dd0bc22ba
https://conda.anaconda.org/conda-forge/osx-64/r-rlang-1.1.6-r45ha730edb_1.conda#4d2d3ea077c7db81d6fb93093f4cdc6d
https://conda.anaconda.org/conda-forge/noarch/r-rprojroot-2.1.1-r45hc72bb7e_1.conda#e1b7c51411ad3dd2a95aea6d466b12f7
https://conda.anaconda.org/conda-forge/noarch/r-rstudioapi-0.17.1-r45hc72bb7e_1.conda#bba4332ef61039f5339a20cc47cc954a
https://conda.anaconda.org/conda-forge/osx-64/r-sourcetools-0.1.7_1-r45ha730edb_3.conda#e8c3a0bd7b303948f6b437035cc027e1
https://conda.anaconda.org/conda-forge/osx-64/r-stringi-1.8.7-r45h046adae_1.conda#fe549b358bc665bc127bb44bce439cf3
https://conda.anaconda.org/conda-forge/osx-64/r-sys-3.4.3-r45h735ac91_1.conda#fce9523c92ae8be9e7d13b626d40b9c4
https://conda.anaconda.org/conda-forge/osx-64/r-utf8-1.2.6-r45h735ac91_1.conda#d1f457be352ee40e54cc1c99d3e27ac3
https://conda.anaconda.org/conda-forge/noarch/r-whisker-0.4.1-r45hc72bb7e_3.conda#5cd861608ecbeab0574d59a7754deba7
https://conda.anaconda.org/conda-forge/noarch/r-withr-3.0.2-r45hc72bb7e_1.conda#56c45a76870f89e39aeca8ba4d4e911a
https://conda.anaconda.org/conda-forge/osx-64/r-xfun-0.55-r45ha730edb_0.conda#e4707db853eb4fa12d22da35dd09f150
https://conda.anaconda.org/conda-forge/noarch/r-xtable-1.8_4-r45hc72bb7e_7.conda#175b0aca6fe23da9ffbabb9cd93db859
https://conda.anaconda.org/conda-forge/osx-64/r-yaml-2.3.12-r45h735ac91_0.conda#bc0dcd3a525ac4c238c2098b31f33638
https://conda.anaconda.org/conda-forge/osx-64/r-askpass-1.2.1-r45h735ac91_1.conda#196449f42b78b60388cb4add0f77f64d
https://conda.anaconda.org/conda-forge/osx-64/r-cachem-1.1.0-r45h735ac91_2.conda#58ecf95b17caf2196dbc3cf76e2f2e6c
https://conda.anaconda.org/conda-forge/noarch/r-desc-1.4.3-r45hc72bb7e_2.conda#2428c825ae5b2fc162edaeb3fa76b486
https://conda.anaconda.org/conda-forge/osx-64/r-diffobj-0.3.6-r45h735ac91_1.conda#8ad536d981688b156bbf496487f6a140
https://conda.anaconda.org/conda-forge/osx-64/r-ellipsis-0.3.2-r45h735ac91_4.conda#148e553ecbccb7e9fe5815e8a39f72d6
https://conda.anaconda.org/conda-forge/osx-64/r-getpass-0.2_4-r45h735ac91_2.conda#1ee0c1e0596f2e4b2b4ba418071ea585
https://conda.anaconda.org/conda-forge/noarch/r-here-1.0.2-r45hc72bb7e_0.conda#b285c2128264a05cd51477ebe6766d54
https://conda.anaconda.org/conda-forge/noarch/r-highr-0.11-r45hc72bb7e_2.conda#20a8cc4130d0041f64b4b8ce7fbe6ec4
https://conda.anaconda.org/conda-forge/osx-64/r-later-1.4.4-r45ha730edb_1.conda#aed3e7cd4b17818ba596f954886d8a45
https://conda.anaconda.org/conda-forge/noarch/r-lifecycle-1.0.4-r45hc72bb7e_2.conda#d915a1713591a6bbf508b2c8c76b99aa
https://conda.anaconda.org/conda-forge/osx-64/r-matrix-1.7_4-r45h712655c_1.conda#e38dbc10242a6f564a11a562cb6e6b16
https://conda.anaconda.org/conda-forge/noarch/r-prettyunits-1.2.0-r45hc72bb7e_2.conda#07465728b1fd99d28b286156dac895a3
https://conda.anaconda.org/conda-forge/osx-64/r-processx-3.8.6-r45h735ac91_1.conda#180da780a037172f5455518ee7200f32
https://conda.anaconda.org/conda-forge/osx-64/r-rcpptoml-0.2.3-r45ha730edb_1.conda#644f9db23cc997a4c002d155ffed36dc
https://conda.anaconda.org/conda-forge/noarch/r-sessioninfo-1.2.3-r45hc72bb7e_1.conda#e2d98358063814d40bcb9150b45fb6e9
https://conda.anaconda.org/conda-forge/noarch/r-tinytex-0.58-r45hc72bb7e_0.conda#119e2b033f2a31aa2b53b490f6fc4c24
https://conda.anaconda.org/conda-forge/noarch/r-callr-3.7.6-r45hc72bb7e_2.conda#a5cc8a8d0dc08dc769c65a13b3573739
https://conda.anaconda.org/conda-forge/osx-64/r-htmltools-0.5.9-r45ha730edb_0.conda#cf057b9d43b2b07b4aab30bf9a76b406
https://conda.anaconda.org/conda-forge/noarch/r-knitr-1.51-r45hc72bb7e_0.conda#35b31b96aa7bc052ad6347322a1481f1
https://conda.anaconda.org/conda-forge/noarch/r-memoise-2.0.1-r45hc72bb7e_4.conda#2b04206ff6ea5a92e8e36bdaa5feb3cc
https://conda.anaconda.org/conda-forge/osx-64/r-openssl-2.3.4-r45h5fa3f5e_0.conda#f4d72b428381239a8b2ed8002cf80093
https://conda.anaconda.org/conda-forge/noarch/r-promises-1.5.0-r45hc72bb7e_1.conda#b2c1b6ef8f12894fd2694b285fe8989a
https://conda.anaconda.org/conda-forge/osx-64/r-reticulate-1.44.1-r45ha730edb_0.conda#82e8e85d1c4941e14c75304cef9b0569
https://conda.anaconda.org/conda-forge/osx-64/r-vctrs-0.6.5-r45ha730edb_2.conda#1e1f5291b00c151bb4a9ec60026ca7fa
https://conda.anaconda.org/conda-forge/noarch/r-fontawesome-0.5.3-r45hc72bb7e_1.conda#e9fccb3617ec9776569c6496fa254e64
https://conda.anaconda.org/conda-forge/osx-64/r-httpuv-1.6.16-r45hbf875fd_1.conda#fbf8c73ee9efcb89a7e13db6803f3710
https://conda.anaconda.org/conda-forge/noarch/r-httr-1.4.7-r45hc72bb7e_2.conda#8e292f00b503e51f5e1f1a9c1876ea8f
https://conda.anaconda.org/conda-forge/noarch/r-jquerylib-0.1.4-r45hc72bb7e_4.conda#49a9ed6ed01f4ae6067ead552795bfce
https://conda.anaconda.org/conda-forge/noarch/r-pillar-1.11.1-r45hc72bb7e_0.conda#807ef77a70fc5156f830d6c683d07a29
https://conda.anaconda.org/conda-forge/noarch/r-pkgbuild-1.4.8-r45hc72bb7e_1.conda#daea93b32bab57062ab586c9b6e3896e
https://conda.anaconda.org/conda-forge/osx-64/r-sass-0.4.10-r45ha730edb_1.conda#205f283f76621392df4e92255dccdf62
https://conda.anaconda.org/conda-forge/noarch/r-stringr-1.6.0-r45h785f33e_0.conda#8db438d8aa370726ee1ce8bf458f2e6d
https://conda.anaconda.org/conda-forge/noarch/r-bslib-0.9.0-r45hc72bb7e_1.conda#467d9dc90296af3fce19d96411a317fd
https://conda.anaconda.org/conda-forge/noarch/r-pkgload-1.4.1-r45hc72bb7e_0.conda#60318073a6da721034d0fa4dcfa6bc0c
https://conda.anaconda.org/conda-forge/osx-64/r-tibble-3.3.0-r45h735ac91_1.conda#7bbc1cb63c9fb8cbf2469cc04373fa0d
https://conda.anaconda.org/conda-forge/noarch/r-rematch2-2.1.2-r45hc72bb7e_5.conda#9190c3379d369e61841fe1bad6dc91e2
https://conda.anaconda.org/conda-forge/noarch/r-rmarkdown-2.30-r45hc72bb7e_0.conda#80cf6b03ed3e25ef9c2e4421cad9bee3
https://conda.anaconda.org/conda-forge/noarch/r-shiny-1.12.1-r45h785f33e_0.conda#2de209193de9c3c9b502845883f263c5
https://conda.anaconda.org/conda-forge/noarch/r-miniui-0.1.2-r45hc72bb7e_1.conda#4940389ec03eea86358108ec4bb222a0
https://conda.anaconda.org/conda-forge/noarch/r-waldo-0.6.2-r45hc72bb7e_1.conda#86406bcc46061e27fe7ec24f73eb6676
https://conda.anaconda.org/conda-forge/osx-64/r-testthat-3.3.1-r45ha730edb_0.conda#6da8ff78c2e7a8394b57ebb72e734e70
