# This file may be used to create an environment using:
# $ conda create --name <env> --file <this file>
# platform: win-64
# created-by: conda 26.7.1
@EXPLICIT
https://conda.anaconda.org/conda-forge/noarch/_r-mutex-1.0.1-anacondar_1.tar.bz2#19f9db5f4f1b7f5ef5f6d67207f25f38
https://conda.anaconda.org/conda-forge/noarch/ca-certificates-2026.7.22-h4c7d964_0.conda#e27d2ac27b096dc51fedfcf775a53f9b
https://conda.anaconda.org/conda-forge/noarch/font-ttf-dejavu-sans-mono-2.37-hab24e00_0.tar.bz2#0c96522c6bdaed4b1566d11387caaf45
https://conda.anaconda.org/conda-forge/noarch/font-ttf-inconsolata-3.000-h77eed37_0.tar.bz2#34893075a5c9e55cdafac56607368fc6
https://conda.anaconda.org/conda-forge/noarch/font-ttf-source-code-pro-2.038-h77eed37_0.tar.bz2#4d59c254e01d9cde7957100457e2d5fb
https://conda.anaconda.org/conda-forge/noarch/font-ttf-ubuntu-0.83-h77eed37_3.conda#49023d73832ef61042f6a237cb2687e7
https://conda.anaconda.org/conda-forge/win-64/m2-conda-epoch-20250515-0_x86_64.conda#7d60fb16df2cd07fbc3dbff1c9df4244
https://conda.anaconda.org/conda-forge/noarch/mingw-w64-ucrt-x86_64-windows-default-manifest-6.4-he206cdd_7.conda#1d6b5c96d7e3cce773519d7d1a4482f0
https://conda.anaconda.org/conda-forge/win-64/pandoc-2.19.2-h57928b3_2.conda#c188f67e94153ddc7e4e10ae127cbb1a
https://conda.anaconda.org/conda-forge/noarch/tzdata-2026c-h151e31d_0.conda#fcb489df604d100968b737f2cb6076c6
https://conda.anaconda.org/conda-forge/win-64/ucrt-10.0.26100.0-h57928b3_0.conda#71b24316859acd00bdb8b38f5e2ce328
https://conda.anaconda.org/conda-forge/noarch/fonts-conda-forge-1-hc364b38_1.conda#a7970cd949a077b7cb9696379d338681
https://conda.anaconda.org/conda-forge/noarch/libgcc-devel_win-64-16.2.0-h254a5e0_107.conda#6cc089ec81a68216030e5777c8b20396
https://conda.anaconda.org/conda-forge/noarch/libstdcxx-devel_win-64-16.2.0-h230208c_107.conda#54521f14d18b6af27ac538f15506c136
https://conda.anaconda.org/conda-forge/win-64/libwinpthread-12.0.0.r4.gg4f2fc60ca-h57928b3_10.conda#8a86073cf3b343b87d03f41790d8b4e5
https://conda.anaconda.org/conda-forge/noarch/mingw-w64-ucrt-x86_64-headers-git-12.0.0.r4.gg4f2fc60ca-hd8ed1ab_10.conda#cab7b807024204893ef5bb1860d91408
https://conda.anaconda.org/conda-forge/win-64/vcomp14-14.51.36247-habf1de7_41.conda#350bb67a5c8e5f1c53347ac544ab6600
https://conda.anaconda.org/conda-forge/noarch/fonts-conda-ecosystem-1-0.tar.bz2#fee5683a3f04bd15cbd8318b096a27ab
https://conda.anaconda.org/conda-forge/win-64/libgomp-16.2.0-h8ee18e1_7.conda#1725e0c19dd2f01de09805536c4f3b51
https://conda.anaconda.org/conda-forge/noarch/mingw-w64-ucrt-x86_64-crt-git-12.0.0.r4.gg4f2fc60ca-hd8ed1ab_10.conda#44ffa6d68699ec9321f6d48d75bdc726
https://conda.anaconda.org/conda-forge/noarch/mingw-w64-ucrt-x86_64-winpthreads-git-12.0.0.r4.gg4f2fc60ca-hd8ed1ab_10.conda#ba0eeff6a5c62b83c771bb392e22dbb4
https://conda.anaconda.org/conda-forge/win-64/vc14_runtime-14.51.36247-habf1de7_41.conda#ac5333bb3d429361f23adf704cc49a78
https://conda.anaconda.org/conda-forge/win-64/_openmp_mutex-4.5-20_gnu.conda#1626967b574d1784b578b52eaeb071e7
https://conda.anaconda.org/conda-forge/noarch/m2w64-sysroot_win-64-12.0.0.r4.gg4f2fc60ca-hd8ed1ab_10.conda#9676d2a30fa3ffa4e5350041d0993758
https://conda.anaconda.org/conda-forge/win-64/vc-14.5-ha367084_41.conda#aa805b5522c2a98fa286e551a1f48546
https://conda.anaconda.org/conda-forge/win-64/vs2015_runtime-14.51.36247-h633cb9f_41.conda#21504569fa34b5d3a67760219e3ff1cc
https://conda.anaconda.org/conda-forge/win-64/bzip2-1.0.8-h0ad9c76_10.conda#c3301c058362f340100d91cd8be0393f
https://conda.anaconda.org/conda-forge/win-64/icu-78.3-h5112557_2.conda#e596942e8ee6ee17fdcf1e6a77757a66
https://conda.anaconda.org/conda-forge/win-64/lerc-4.2.0-hd936e49_0.conda#add59e2b60ac9d4299d17c938185c75a
https://conda.anaconda.org/conda-forge/win-64/libdeflate-1.25-h1a1d4e4_1.conda#e4e122e124676a49eebf241399ad8393
https://conda.anaconda.org/conda-forge/win-64/libexpat-2.8.5-hac47afa_0.conda#4969128c45f9e71adbb6a1696679ce7f
https://conda.anaconda.org/conda-forge/win-64/libffi-3.7.0-h3d046cb_1.conda#ceb38b0ba900847d8da4289c3c8e5708
https://conda.anaconda.org/conda-forge/win-64/libgcc-16.2.0-h110b43a_7.conda#bd1e0d06981ae43e35c1ebb50e268c59
https://conda.anaconda.org/conda-forge/win-64/libiconv-1.18-hc1393d2_3.conda#a8a2abdf0f901bc4779d9b7be0845921
https://conda.anaconda.org/conda-forge/win-64/libjpeg-turbo-3.2.0-hfd05255_1.conda#fc2c23bacefd1e733f1e1d6cd3b2aaeb
https://conda.anaconda.org/conda-forge/win-64/liblzma-5.8.3-hfd05255_1.conda#880a0c8549479b198af21ba5dc49b109
https://conda.anaconda.org/conda-forge/win-64/libnghttp2-1.68.1-hac47afa_1.conda#c18950d37eaec638cddf02f77aa9d60e
https://conda.anaconda.org/conda-forge/win-64/libuv-1.52.1-h6a83c73_1.conda#4ccef39545e98553cc900ea557dff085
https://conda.anaconda.org/conda-forge/win-64/libzlib-1.3.2-hfd05255_3.conda#5d2ff29d465097458cc3ff6569151991
https://conda.anaconda.org/conda-forge/win-64/llvm-openmp-23.1.2-h49e36cd_0.conda#4b07614a10496df13cb3e35d249caf3c
https://conda.anaconda.org/conda-forge/win-64/openssl-3.6.4-hf411b9b_0.conda#73cb1783f47c452be4c309430fbef89f
https://conda.anaconda.org/conda-forge/win-64/pixman-0.46.4-h5112557_3.conda#27c5be39d9e4d25fe85b89a069360d1e
https://conda.anaconda.org/conda-forge/win-64/tk-8.6.13-h967ab96_4.conda#dd9eb33c99d352b6356f86964d6040f7
https://conda.anaconda.org/conda-forge/win-64/bwidget-1.10.1-h11686cb_3.conda#a316d3775e4c94bafa671ac4c5e28e55
https://conda.anaconda.org/conda-forge/win-64/krb5-1.22.2-h719d79b_2.conda#93f5a01dec294a2228f757fe2f3432d4
https://conda.anaconda.org/conda-forge/win-64/libgfortran5-16.2.0-h7c9de5e_7.conda#237c6a7be7b5bae7f4b5b70635ef4f79
https://conda.anaconda.org/conda-forge/win-64/libintl-0.22.5-h5728263_4.conda#36d6e0045173974521fabd42bd5033d6
https://conda.anaconda.org/conda-forge/win-64/libpng-1.6.59-hdc8cecf_0.conda#05145e03eb7b7f4ad2e0575454061c87
https://conda.anaconda.org/conda-forge/win-64/libpsl-0.23.1-h9b16d47_1.conda#39cdf8c4f59e4d253cfa8091c8b3d7de
https://conda.anaconda.org/conda-forge/win-64/libssh2-1.11.1-h734d217_1.conda#a21dd9ca39e74910bb96989feb916420
https://conda.anaconda.org/conda-forge/win-64/libstdcxx-16.2.0-hae5796f_7.conda#cdc259116f09ebebe2442f855aa03cfd
https://conda.anaconda.org/conda-forge/win-64/libxml2-16-2.15.4-h3cfd58e_0.conda#bab5489f4bd38494ffaa83d6ab924c1f
https://conda.anaconda.org/conda-forge/win-64/pcre2-10.47-h8466c1e_1.conda#009af999dbe2d1db36a37187a4ca4eb4
https://conda.anaconda.org/conda-forge/win-64/tktable-2.10-h6a83c73_11.conda#523b77ffa779f5de60cb067103f323bc
https://conda.anaconda.org/conda-forge/win-64/zstd-1.5.7-h534d264_7.conda#e4ac308c39d6d0e131154976da67cf3b
https://conda.anaconda.org/conda-forge/win-64/ld_impl_win-64-2.46.1-default_hfd38196_102.conda#179ed4e90a5c9560bebb28292a726f12
https://conda.anaconda.org/conda-forge/win-64/libcurl-8.22.0-hdb0ef4a_0.conda#e8405e754eaac42d66f957222fcfd876
https://conda.anaconda.org/conda-forge/win-64/libfreetype6-2.14.3-hdbac1cb_2.conda#8157483eb7ed3fcba71aad3b50a97131
https://conda.anaconda.org/conda-forge/win-64/libgfortran-16.2.0-h719f0c7_7.conda#e31b16a4cf5f2288271ce16decd80460
https://conda.anaconda.org/conda-forge/win-64/libgit2-1.9.7-hce7164d_1.conda#99c93d586f4934a82dfca02521b0da82
https://conda.anaconda.org/conda-forge/win-64/libglib-2.90.0-ha564072_0.conda#29c689012c8a53a0e36a70dfd43227e4
https://conda.anaconda.org/conda-forge/win-64/libtiff-4.7.2-h8f73337_1.conda#970dbe48f843e7fbd179a9b6c22f865a
https://conda.anaconda.org/conda-forge/win-64/libxml2-2.15.4-he095d88_0.conda#3ce54d0f8f24dfab99d82414411640aa
https://conda.anaconda.org/conda-forge/win-64/binutils_impl_win-64-2.46.1-default_ha84baeb_102.conda#7832bada38267be3333319febcf5e4fc
https://conda.anaconda.org/conda-forge/win-64/curl-8.22.0-hdb0ef4a_0.conda#a21861ac889a38415844187508d6d56a
https://conda.anaconda.org/conda-forge/win-64/libfreetype-2.14.3-h57928b3_2.conda#740f99c3c91079c03874b809fedace1b
https://conda.anaconda.org/conda-forge/win-64/libhwloc-2.15.0-default_hae90fe0_1001.conda#b679b0f76b152d40294fa4e43cabfd4a
https://conda.anaconda.org/conda-forge/win-64/fontconfig-2.18.3-hd47e2ca_1.conda#ed95670fed91b091fe34ba6cae6677d7
https://conda.anaconda.org/conda-forge/win-64/gcc_impl_win-64-16.2.0-h94e87e1_7.conda#0c5ab6074212aa8e3b7242dc5805bc3b
https://conda.anaconda.org/conda-forge/win-64/tbb-2023.1.0-h272cf33_2.conda#83371bd3f796b3c2d3f0436692d3ea73
https://conda.anaconda.org/conda-forge/win-64/cairo-1.18.6-h477c42c_0.conda#f87fcbccd5ad4cbbf0c4b1c030f9cfc2
https://conda.anaconda.org/conda-forge/win-64/gfortran_impl_win-64-16.2.0-h408695e_7.conda#f2f312312d4386886ad53377f8503c7f
https://conda.anaconda.org/conda-forge/win-64/gxx_impl_win-64-16.2.0-hdbe55fc_7.conda#a2d40bb86979a71cb3fa7566e9ee2a0a
https://conda.anaconda.org/conda-forge/win-64/mkl-2026.1.0-hac47afa_235.conda#ace316c48c178d7faa403dee51e30c7b
https://conda.anaconda.org/conda-forge/win-64/libblas-3.11.0-11_h8455456_mkl.conda#a63c8b08343d276a552c395f495987fa
https://conda.anaconda.org/conda-forge/win-64/libcblas-3.11.0-11_h2a3cdd5_mkl.conda#c9f8a732af97d55997f9ac6d0c02e3f2
https://conda.anaconda.org/conda-forge/win-64/liblapack-3.11.0-11_hf9ab0e9_mkl.conda#79bdf20fd2666b8a3485a6021c935b3a
https://conda.anaconda.org/conda-forge/win-64/gsl-2.7-hdfb1a43_0.tar.bz2#ca5c581b3659140455cf6ae00f6a2ea9
https://conda.anaconda.org/conda-forge/win-64/r-base-4.5.3-h91b09f7_3.conda#3b1e16b27be98501ac84adf31e1c426e
https://conda.anaconda.org/conda-forge/noarch/r-assertthat-0.2.1-r45hc72bb7e_6.conda#b5291c60f52b43108a2973ba6f5885d1
https://conda.anaconda.org/conda-forge/win-64/r-base64enc-0.1_6-r45heceb674_0.conda#711ac906944bc43e7268c4631d1e5dd1
https://conda.anaconda.org/conda-forge/win-64/r-brio-1.1.5-r45h2a2a84f_2.conda#01fec883ec69b490bd0bd61a835b40e7
https://conda.anaconda.org/conda-forge/win-64/r-cli-3.6.6-r45hd8a2815_0.conda#0dc93a336948f0bfe32bb35b7b446677
https://conda.anaconda.org/conda-forge/noarch/r-clipr-0.8.1-r45hc72bb7e_0.conda#6d3690eb86e7fdea974915a5ce963561
https://conda.anaconda.org/conda-forge/noarch/r-codetools-0.2_20-r45hc72bb7e_2.conda#8e9e5b14f74a6040c77e0b9c8bfa84ca
https://conda.anaconda.org/conda-forge/win-64/r-commonmark-2.0.0-r45heceb674_1.conda#71fd8e902fc90e0ce760809ee641f6d5
https://conda.anaconda.org/conda-forge/noarch/r-crayon-1.5.3-r45hc72bb7e_2.conda#4f111ce078b9690abaad6248b831a370
https://conda.anaconda.org/conda-forge/win-64/r-curl-8.0.0-r45ha6d7758_0.conda#3fb546cd58f7a804642703276ba5e6e8
https://conda.anaconda.org/conda-forge/win-64/r-digest-0.6.39-r45hd8a2815_0.conda#890fd3e7c2f8800daf26a76b186113ba
https://conda.anaconda.org/conda-forge/noarch/r-evaluate-1.0.5-r45hc72bb7e_1.conda#4e0c71ab78d7292372a89d4daecb49af
https://conda.anaconda.org/conda-forge/win-64/r-fansi-1.0.7-r45heceb674_0.conda#4dcf42965e23954628f5d7c40ce46942
https://conda.anaconda.org/conda-forge/win-64/r-fastmap-1.2.0-r45hd8a2815_2.conda#e0c1813af7036243fc2b5ff4b7be14e7
https://conda.anaconda.org/conda-forge/win-64/r-fs-2.1.0-r45h225bc52_0.conda#d4917e751c845a842ff98f77507c9bc6
https://conda.anaconda.org/conda-forge/win-64/r-git2r-0.35.0-r45h23eeaf3_1.conda#9fae59af73e00501d3cf0834f99a59c1
https://conda.anaconda.org/conda-forge/win-64/r-glue-1.8.1-r45heceb674_0.conda#49e189395597d9ca6a7e9b54827086d7
https://conda.anaconda.org/conda-forge/win-64/r-jsonlite-2.0.0-r45heceb674_1.conda#35cb191fa8aa28a6edb5ed54246709e6
https://conda.anaconda.org/conda-forge/win-64/r-lattice-0.23_1-r45ha31549c_0.conda#70b619b82d73c2040de8f112066c9d9a
https://conda.anaconda.org/conda-forge/win-64/r-magrittr-2.0.5-r45heceb674_0.conda#f166a0d9045d1b8049a69b52e22e7176
https://conda.anaconda.org/conda-forge/win-64/r-mime-0.13-r45heceb674_1.conda#504d8595125c36530dc082a3502f7f9f
https://conda.anaconda.org/conda-forge/noarch/r-otel-0.2.0-r45hc72bb7e_1.conda#560abd550c097e0d0af2e201b335f53d
https://conda.anaconda.org/conda-forge/noarch/r-pkgconfig-2.0.3-r45hc72bb7e_5.conda#40a5fdd06c7e7880758a021cf2df6c12
https://conda.anaconda.org/conda-forge/win-64/r-png-0.1_9-r45hd74d807_0.conda#148af07a0dd97114dd8de70d45a1056e
https://conda.anaconda.org/conda-forge/noarch/r-praise-1.0.0-r45hc72bb7e_1009.conda#d9f7dfa06871712aaf768674dea06a0b
https://conda.anaconda.org/conda-forge/win-64/r-ps-1.9.3-r45heceb674_0.conda#4679d473fd587c95fa8960db9015224f
https://conda.anaconda.org/conda-forge/noarch/r-r6-2.6.1-r45hc72bb7e_1.conda#750802806d7d640c286ed8491bb395dc
https://conda.anaconda.org/conda-forge/win-64/r-rappdirs-0.3.4-r45heceb674_0.conda#9458da079685c56f20e8a75d322120a2
https://conda.anaconda.org/conda-forge/win-64/r-rcpp-1.1.2-r45hd8a2815_0.conda#32a21fb7efb300e22ceef599c207fd7f
https://conda.anaconda.org/conda-forge/win-64/r-rlang-1.3.0-r45hd8a2815_0.conda#6ba1d66081806549153f4fc3167bb48a
https://conda.anaconda.org/conda-forge/noarch/r-rprojroot-2.1.1-r45hc72bb7e_1.conda#e1b7c51411ad3dd2a95aea6d466b12f7
https://conda.anaconda.org/conda-forge/noarch/r-rstudioapi-0.19.0-r45hc72bb7e_0.conda#5f1b6b899fa3204ab77403e75b9df5fd
https://conda.anaconda.org/conda-forge/win-64/r-sourcetools-0.1.7_2-r45hd8a2815_0.conda#f9d0b3d9db3721a96880a1fce5fdc825
https://conda.anaconda.org/conda-forge/win-64/r-stringi-1.8.9-r45hd8a2815_0.conda#77f1fe5dd72f21f24b8ba280c53bc0e3
https://conda.anaconda.org/conda-forge/win-64/r-sys-3.4.3-r45heceb674_1.conda#a395d5faf0148acdfafa79cbbc003fd0
https://conda.anaconda.org/conda-forge/win-64/r-utf8-1.2.6-r45heceb674_1.conda#a5c083558799a8281380d0151f0cf58e
https://conda.anaconda.org/conda-forge/noarch/r-whisker-0.4.1-r45hc72bb7e_3.conda#5cd861608ecbeab0574d59a7754deba7
https://conda.anaconda.org/conda-forge/noarch/r-withr-3.0.3-r45hc72bb7e_0.conda#388d25e67f93a5fec2aebe56d6a0a1d9
https://conda.anaconda.org/conda-forge/win-64/r-xfun-0.61-r45ha31549c_1.conda#e0c8b27ea40231bafd518ca593b9e706
https://conda.anaconda.org/conda-forge/noarch/r-xtable-1.8_8-r45hc72bb7e_0.conda#e18fda0821f0fdc1c34276c5e0acdc92
https://conda.anaconda.org/conda-forge/win-64/r-yaml-2.3.12-r45heceb674_0.conda#7d31d3b73f9afaa57b92d8f9d21a197c
https://conda.anaconda.org/conda-forge/win-64/r-askpass-1.2.1-r45heceb674_1.conda#474cb96dedd2ba0cfd431ad2cbeebb1c
https://conda.anaconda.org/conda-forge/win-64/r-cachem-1.1.0-r45heceb674_2.conda#2e9ed4b00823968c3c28b36df170e41a
https://conda.anaconda.org/conda-forge/noarch/r-desc-1.4.3-r45hc72bb7e_2.conda#2428c825ae5b2fc162edaeb3fa76b486
https://conda.anaconda.org/conda-forge/win-64/r-diffobj-0.3.9-r45ha31549c_0.conda#74a96c6444150155c82f8bfc0979ae92
https://conda.anaconda.org/conda-forge/win-64/r-ellipsis-0.3.3-r45heceb674_0.conda#8e0a6e985a5a27f910a75659bc397db2
https://conda.anaconda.org/conda-forge/win-64/r-getpass-0.2_4-r45heceb674_2.conda#0a6af17749e3688c07c62c809d5cd5f6
https://conda.anaconda.org/conda-forge/noarch/r-here-1.0.2-r45hc72bb7e_0.conda#b285c2128264a05cd51477ebe6766d54
https://conda.anaconda.org/conda-forge/noarch/r-highr-0.12-r45hc72bb7e_0.conda#0b5902d6af02a23bda1794d46090db42
https://conda.anaconda.org/conda-forge/win-64/r-later-1.4.8-r45hd8a2815_0.conda#c5b82f87eaeafae39c8d44440a65ce10
https://conda.anaconda.org/conda-forge/noarch/r-lifecycle-1.0.5-r45hc72bb7e_0.conda#5f8369dfbdff08878e58bf15529fca3a
https://conda.anaconda.org/conda-forge/win-64/r-matrix-1.7_6-r45h5ea86f4_0.conda#5c26b52763f394938012e2843a273674
https://conda.anaconda.org/conda-forge/noarch/r-prettyunits-1.2.0-r45hc72bb7e_2.conda#07465728b1fd99d28b286156dac895a3
https://conda.anaconda.org/conda-forge/win-64/r-processx-3.9.0-r45heceb674_0.conda#b888a5faaf0698769af67406b9998126
https://conda.anaconda.org/conda-forge/win-64/r-rcpptoml-0.2.3-r45hd8a2815_1.conda#201ee010db612bc73d596a8c69625526
https://conda.anaconda.org/conda-forge/noarch/r-sessioninfo-1.2.4-r45hc72bb7e_0.conda#be02ed4e441b3dbe719bd8c7e248fcfd
https://conda.anaconda.org/conda-forge/noarch/r-tinytex-0.60-r45hc72bb7e_0.conda#5ee226c1449c66d1cd2399d942faa04d
https://conda.anaconda.org/conda-forge/noarch/r-callr-3.7.6-r45hc72bb7e_2.conda#a5cc8a8d0dc08dc769c65a13b3573739
https://conda.anaconda.org/conda-forge/win-64/r-htmltools-0.5.9-r45hd8a2815_0.conda#ea9a67e66b16b93078f7f0ec1cde0b9d
https://conda.anaconda.org/conda-forge/noarch/r-knitr-1.52-r45hacb3a79_0.conda#b127436178c659586a1ea6a9e63598da
https://conda.anaconda.org/conda-forge/noarch/r-memoise-2.0.1-r45hc72bb7e_4.conda#2b04206ff6ea5a92e8e36bdaa5feb3cc
https://conda.anaconda.org/conda-forge/win-64/r-openssl-2.4.2-r45h2f70138_0.conda#cf7e1a907fb3818761482bb29abad1a9
https://conda.anaconda.org/conda-forge/noarch/r-promises-1.5.0-r45hc72bb7e_1.conda#b2c1b6ef8f12894fd2694b285fe8989a
https://conda.anaconda.org/conda-forge/win-64/r-reticulate-1.47.0-r45h072f163_0.conda#2f8c913fdf34d0ab10082e603116ae2f
https://conda.anaconda.org/conda-forge/win-64/r-vctrs-0.7.3-r45hd8a2815_0.conda#c81708d30d6a77d9696ed19df9c7027e
https://conda.anaconda.org/conda-forge/noarch/r-fontawesome-0.5.3-r45hc72bb7e_1.conda#e9fccb3617ec9776569c6496fa254e64
https://conda.anaconda.org/conda-forge/win-64/r-httpuv-1.6.17-r45h68b42e3_0.conda#bf7e0ae3c42403a6a39737a5a5e5c922
https://conda.anaconda.org/conda-forge/noarch/r-httr-1.4.9-r45hacb3a79_0.conda#d11ac4efa2782fe6507eb2b63c365707
https://conda.anaconda.org/conda-forge/noarch/r-jquerylib-0.1.4-r45hc72bb7e_4.conda#49a9ed6ed01f4ae6067ead552795bfce
https://conda.anaconda.org/conda-forge/noarch/r-pillar-1.11.1-r45hc72bb7e_0.conda#807ef77a70fc5156f830d6c683d07a29
https://conda.anaconda.org/conda-forge/noarch/r-pkgbuild-1.4.8-r45hc72bb7e_1.conda#daea93b32bab57062ab586c9b6e3896e
https://conda.anaconda.org/conda-forge/win-64/r-sass-0.4.10-r45hd8a2815_1.conda#c6172996a0b4944b9df1f266f88ef09b
https://conda.anaconda.org/conda-forge/noarch/r-stringr-1.6.0-r45h785f33e_0.conda#8db438d8aa370726ee1ce8bf458f2e6d
https://conda.anaconda.org/conda-forge/noarch/r-bslib-0.12.0-r45hc72bb7e_0.conda#62a97fa00e2f48b594a592dbcbfbe8a5
https://conda.anaconda.org/conda-forge/noarch/r-pkgload-1.5.3-r45hc72bb7e_0.conda#143ea745dd6f15743d93e8e4f739ba1e
https://conda.anaconda.org/conda-forge/win-64/r-tibble-3.3.1-r45heceb674_0.conda#d3d5ed60c4643f8b0e7d94280f1dbd95
https://conda.anaconda.org/conda-forge/noarch/r-rematch2-2.1.2-r45hc72bb7e_5.conda#9190c3379d369e61841fe1bad6dc91e2
https://conda.anaconda.org/conda-forge/noarch/r-rmarkdown-2.32-r45hacb3a79_0.conda#cf4da65121b4a7a64888455ef67ddd53
https://conda.anaconda.org/conda-forge/noarch/r-shiny-1.14.0-r45h785f33e_0.conda#2fb0e1ea59dd281487be303b1b7c6607
https://conda.anaconda.org/conda-forge/noarch/r-miniui-0.1.2-r45hc72bb7e_1.conda#4940389ec03eea86358108ec4bb222a0
https://conda.anaconda.org/conda-forge/noarch/r-waldo-0.6.2-r45hc72bb7e_1.conda#86406bcc46061e27fe7ec24f73eb6676
https://conda.anaconda.org/conda-forge/win-64/r-testthat-3.3.2-r45hd8a2815_0.conda#6ea6742e318daf31265a275367238329
